// !$*UTF8*$!
{
	archiveVersion = 1;
	classes = {
	};
	objectVersion = 55;
	objects = {

/* Begin PBXBuildFile section */
		9009B6712720B19F0023C316 /* PDFFilePickerViewController.swift in Sources */ = {isa = PBXBuildFile; fileRef = 9009B6702720B19F0023C316 /* PDFFilePickerViewController.swift */; };
		9009B6732720B31A0023C316 /* PDFKitView.swift in Sources */ = {isa = PBXBuildFile; fileRef = 9009B6722720B31A0023C316 /* PDFKitView.swift */; };
		9009B6752720B8220023C316 /* EditAbstractView.swift in Sources */ = {isa = PBXBuildFile; fileRef = 9009B6742720B8220023C316 /* EditAbstractView.swift */; };
		9009B6772720CF080023C316 /* ShareActivityView.swift in Sources */ = {isa = PBXBuildFile; fileRef = 9009B6762720CF080023C316 /* ShareActivityView.swift */; };
		9009B6792721FB640023C316 /* AuthorMergeView.swift in Sources */ = {isa = PBXBuildFile; fileRef = 9009B6782721FB640023C316 /* AuthorMergeView.swift */; };
		900B8F39274071B300D40347 /* EditOrderView.swift in Sources */ = {isa = PBXBuildFile; fileRef = 900B8F38274071B300D40347 /* EditOrderView.swift */; };
		900B8F3C2741AE3500D40347 /* ToBeCitedViewModel.swift in Sources */ = {isa = PBXBuildFile; fileRef = 900B8F3B2741AE3500D40347 /* ToBeCitedViewModel.swift */; };
		900B8F3E2741B12700D40347 /* EditCollectionView.swift in Sources */ = {isa = PBXBuildFile; fileRef = 900B8F3D2741B12600D40347 /* EditCollectionView.swift */; };
		900D77042745BB0C00F0416C /* ExportOrder.swift in Sources */ = {isa = PBXBuildFile; fileRef = 900D77032745BB0C00F0416C /* ExportOrder.swift */; };
		901086B2275AA5590067A1E2 /* ArticleRowView.swift in Sources */ = {isa = PBXBuildFile; fileRef = 901086B1275AA5590067A1E2 /* ArticleRowView.swift */; };
		90113C1E276BDD32007CE1D2 /* ContactDTO.swift in Sources */ = {isa = PBXBuildFile; fileRef = 90113C1D276BDD32007CE1D2 /* ContactDTO.swift */; };
		90113C20276BF163007CE1D2 /* AddToCollectionsView.swift in Sources */ = {isa = PBXBuildFile; fileRef = 90113C1F276BF163007CE1D2 /* AddToCollectionsView.swift */; };
		90113C22276BF73E007CE1D2 /* ImportCollectionAsReferencesView.swift in Sources */ = {isa = PBXBuildFile; fileRef = 90113C21276BF73E007CE1D2 /* ImportCollectionAsReferencesView.swift */; };
		9012113E27431B43008A35F7 /* ExportCollectionView.swift in Sources */ = {isa = PBXBuildFile; fileRef = 9012113D27431B43008A35F7 /* ExportCollectionView.swift */; };
		9012D32028038FDB00860731 /* AddAuthorToCollectionView.swift in Sources */ = {isa = PBXBuildFile; fileRef = 9012D31F28038FDB00860731 /* AddAuthorToCollectionView.swift */; };
		902978722739A0AD00D82FE7 /* PreviewController.swift in Sources */ = {isa = PBXBuildFile; fileRef = 902978712739A0AD00D82FE7 /* PreviewController.swift */; };
		90306DCC28513F6500DEACB2 /* AppDelegate.swift in Sources */ = {isa = PBXBuildFile; fileRef = 90306DCB28513F6500DEACB2 /* AppDelegate.swift */; };
		9031FE0F278285FB005DADC8 /* EditRISView.swift in Sources */ = {isa = PBXBuildFile; fileRef = 9031FE0E278285FB005DADC8 /* EditRISView.swift */; };
		9035E35A27F513F8007BCBD5 /* StatsView.swift in Sources */ = {isa = PBXBuildFile; fileRef = 9035E35927F513F8007BCBD5 /* StatsView.swift */; };
		903F1C91284EC47F00F93982 /* Persistence in Frameworks */ = {isa = PBXBuildFile; productRef = 903F1C90284EC47F00F93982 /* Persistence */; };
		9042BEB8284CF8D800C3BBD5 /* ToBeCitedConstants.swift in Sources */ = {isa = PBXBuildFile; fileRef = 9042BEB7284CF8D800C3BBD5 /* ToBeCitedConstants.swift */; };
		9044F6782A7FDF6A00EB06AE /* ToBeCitedTab.swift in Sources */ = {isa = PBXBuildFile; fileRef = 9044F6772A7FDF6A00EB06AE /* ToBeCitedTab.swift */; };
		9044F67A2A8032A200EB06AE /* EditAuthorsView.swift in Sources */ = {isa = PBXBuildFile; fileRef = 9044F6792A8032A200EB06AE /* EditAuthorsView.swift */; };
		90760B472A89167A00E1536F /* JournalTitleView.swift in Sources */ = {isa = PBXBuildFile; fileRef = 90760B462A89167A00E1536F /* JournalTitleView.swift */; };
		90760B492A8917ED00E1536F /* ToBeCitedJournalTitleFormatHelper.swift in Sources */ = {isa = PBXBuildFile; fileRef = 90760B482A8917ED00E1536F /* ToBeCitedJournalTitleFormatHelper.swift */; };
		907CC2D02A884033001FE531 /* ToBeCitedNameFormatHelper.swift in Sources */ = {isa = PBXBuildFile; fileRef = 907CC2CF2A884033001FE531 /* ToBeCitedNameFormatHelper.swift */; };
		9080FBBD2A7EF3DF00B547F1 /* ToBeCitedDateFormatter.swift in Sources */ = {isa = PBXBuildFile; fileRef = 9080FBBC2A7EF3DF00B547F1 /* ToBeCitedDateFormatter.swift */; };
		90A7D5202A76E57600324970 /* ToBeCitedSpotlight.swift in Sources */ = {isa = PBXBuildFile; fileRef = 90A7D51F2A76E57600324970 /* ToBeCitedSpotlight.swift */; };
		90A7D5222A76F6B200324970 /* PersistenceHelper.swift in Sources */ = {isa = PBXBuildFile; fileRef = 90A7D5212A76F6B200324970 /* PersistenceHelper.swift */; };
		90B62043271E06BE005D0FEA /* RISReferenceType.swift in Sources */ = {isa = PBXBuildFile; fileRef = 90B62040271E06BE005D0FEA /* RISReferenceType.swift */; };
		90B62044271E06BE005D0FEA /* RISTag.swift in Sources */ = {isa = PBXBuildFile; fileRef = 90B62041271E06BE005D0FEA /* RISTag.swift */; };
		90B62045271E06BE005D0FEA /* RISRecord.swift in Sources */ = {isa = PBXBuildFile; fileRef = 90B62042271E06BE005D0FEA /* RISRecord.swift */; };
		90B62047271E06D4005D0FEA /* RISParser.swift in Sources */ = {isa = PBXBuildFile; fileRef = 90B62046271E06D4005D0FEA /* RISParser.swift */; };
		90B62049271E07BE005D0FEA /* AddRISView.swift in Sources */ = {isa = PBXBuildFile; fileRef = 90B62048271E07BE005D0FEA /* AddRISView.swift */; };
		90B6204B271E0B92005D0FEA /* RISFilePickerViewController.swift in Sources */ = {isa = PBXBuildFile; fileRef = 90B6204A271E0B92005D0FEA /* RISFilePickerViewController.swift */; };
		90B6204D271E2C96005D0FEA /* RISWriter.swift in Sources */ = {isa = PBXBuildFile; fileRef = 90B6204C271E2C96005D0FEA /* RISWriter.swift */; };
		90BE389B2750350A005B98C7 /* CloudKit.framework in Frameworks */ = {isa = PBXBuildFile; fileRef = 90BE389A2750350A005B98C7 /* CloudKit.framework */; };
		90C609C52CB1B7C500FDDF11 /* CollectionSummaryRowView.swift in Sources */ = {isa = PBXBuildFile; fileRef = 90C609C42CB1B7C500FDDF11 /* CollectionSummaryRowView.swift */; };
		90C8D7AE2753C7F70063DE71 /* CollectionSummaryView.swift in Sources */ = {isa = PBXBuildFile; fileRef = 90C8D7AD2753C7F70063DE71 /* CollectionSummaryView.swift */; };
		90C8D7B02753C99A0063DE71 /* ArticleSummaryView.swift in Sources */ = {isa = PBXBuildFile; fileRef = 90C8D7AF2753C99A0063DE71 /* ArticleSummaryView.swift */; };
		90C8D7B22753E36D0063DE71 /* AuthorListView.swift in Sources */ = {isa = PBXBuildFile; fileRef = 90C8D7B12753E36D0063DE71 /* AuthorListView.swift */; };
		90D89A632725A9440079EBD2 /* UpdateTextView.swift in Sources */ = {isa = PBXBuildFile; fileRef = 90D89A622725A9440079EBD2 /* UpdateTextView.swift */; };
		90D89A652725F18E0079EBD2 /* AddContactView.swift in Sources */ = {isa = PBXBuildFile; fileRef = 90D89A642725F18E0079EBD2 /* AddContactView.swift */; };
		90DBDCCC2CACB340002504D3 /* PDFReadView.swift in Sources */ = {isa = PBXBuildFile; fileRef = 90DBDCCB2CACB340002504D3 /* PDFReadView.swift */; };
		90DEAF54274ADE8100058AAC /* ArticleListView.swift in Sources */ = {isa = PBXBuildFile; fileRef = 90DEAF53274ADE8100058AAC /* ArticleListView.swift */; };
		90DEAF56274AE2C300058AAC /* FilterArticleView.swift in Sources */ = {isa = PBXBuildFile; fileRef = 90DEAF55274AE2C300058AAC /* FilterArticleView.swift */; };
		90EADA21274855D10001E150 /* TextDocument.swift in Sources */ = {isa = PBXBuildFile; fileRef = 90EADA20274855D10001E150 /* TextDocument.swift */; };
		90EB0CE7275BD6A0002106B2 /* AuthorNameView.swift in Sources */ = {isa = PBXBuildFile; fileRef = 90EB0CE6275BD6A0002106B2 /* AuthorNameView.swift */; };
		90EDF321271C85BD0097F0E0 /* ToBeCitedApp.swift in Sources */ = {isa = PBXBuildFile; fileRef = 90EDF320271C85BD0097F0E0 /* ToBeCitedApp.swift */; };
		90EDF323271C85BD0097F0E0 /* ContentView.swift in Sources */ = {isa = PBXBuildFile; fileRef = 90EDF322271C85BD0097F0E0 /* ContentView.swift */; };
		90EDF325271C85BE0097F0E0 /* Assets.xcassets in Resources */ = {isa = PBXBuildFile; fileRef = 90EDF324271C85BE0097F0E0 /* Assets.xcassets */; };
		90EDF328271C85BF0097F0E0 /* Preview Assets.xcassets in Resources */ = {isa = PBXBuildFile; fileRef = 90EDF327271C85BF0097F0E0 /* Preview Assets.xcassets */; };
		90EDF32D271C85BF0097F0E0 /* ToBeCited.xcdatamodeld in Sources */ = {isa = PBXBuildFile; fileRef = 90EDF32B271C85BF0097F0E0 /* ToBeCited.xcdatamodeld */; };
		90EDF337271C85BF0097F0E0 /* ToBeCitedTests.swift in Sources */ = {isa = PBXBuildFile; fileRef = 90EDF336271C85BF0097F0E0 /* ToBeCitedTests.swift */; };
		90EDF341271C85BF0097F0E0 /* ToBeCitedUITests.swift in Sources */ = {isa = PBXBuildFile; fileRef = 90EDF340271C85BF0097F0E0 /* ToBeCitedUITests.swift */; };
		90EDF343271C85BF0097F0E0 /* ToBeCitedUITestsLaunchTests.swift in Sources */ = {isa = PBXBuildFile; fileRef = 90EDF342271C85BF0097F0E0 /* ToBeCitedUITestsLaunchTests.swift */; };
		90EDF350271CA3110097F0E0 /* AddArticleView.swift in Sources */ = {isa = PBXBuildFile; fileRef = 90EDF34F271CA3110097F0E0 /* AddArticleView.swift */; };
		90EF91EE27584F3300B1CD6F /* AuthorContactView.swift in Sources */ = {isa = PBXBuildFile; fileRef = 90EF91ED27584F3300B1CD6F /* AuthorContactView.swift */; };
		90F27EE8275171F80072BAA1 /* CollectionListView.swift in Sources */ = {isa = PBXBuildFile; fileRef = 90F27EE7275171F80072BAA1 /* CollectionListView.swift */; };
		90F979402749A6A8008AD083 /* PDFDocument.swift in Sources */ = {isa = PBXBuildFile; fileRef = 90F9793F2749A6A8008AD083 /* PDFDocument.swift */; };
		90FD8419273C5F6B00929EF7 /* SelectReferencesView.swift in Sources */ = {isa = PBXBuildFile; fileRef = 90FD8418273C5F6B00929EF7 /* SelectReferencesView.swift */; };
		90FD841C273C8B9200929EF7 /* CollectionDetailView.swift in Sources */ = {isa = PBXBuildFile; fileRef = 90FD841B273C8B9200929EF7 /* CollectionDetailView.swift */; };
		90FD841E273C917E00929EF7 /* AddCollectionView.swift in Sources */ = {isa = PBXBuildFile; fileRef = 90FD841D273C917E00929EF7 /* AddCollectionView.swift */; };
		90FDA85A2CC4451A000E1D95 /* SpotlightHelper.swift in Sources */ = {isa = PBXBuildFile; fileRef = 90FDA8592CC4451A000E1D95 /* SpotlightHelper.swift */; };
		90FDA85C2CC46C19000E1D95 /* SpotlightAttributeSet.swift in Sources */ = {isa = PBXBuildFile; fileRef = 90FDA85B2CC46BFB000E1D95 /* SpotlightAttributeSet.swift */; };
		90FE9771271F68A1002A75C3 /* ArticleDetailView.swift in Sources */ = {isa = PBXBuildFile; fileRef = 90FE9770271F68A1002A75C3 /* ArticleDetailView.swift */; };
		90FE9773271F7E62002A75C3 /* AuthorDetailView.swift in Sources */ = {isa = PBXBuildFile; fileRef = 90FE9772271F7E62002A75C3 /* AuthorDetailView.swift */; };
/* End PBXBuildFile section */

/* Begin PBXContainerItemProxy section */
		90EDF333271C85BF0097F0E0 /* PBXContainerItemProxy */ = {
			isa = PBXContainerItemProxy;
			containerPortal = 90EDF315271C85BD0097F0E0 /* Project object */;
			proxyType = 1;
			remoteGlobalIDString = 90EDF31C271C85BD0097F0E0;
			remoteInfo = ToBeCited;
		};
		90EDF33D271C85BF0097F0E0 /* PBXContainerItemProxy */ = {
			isa = PBXContainerItemProxy;
			containerPortal = 90EDF315271C85BD0097F0E0 /* Project object */;
			proxyType = 1;
			remoteGlobalIDString = 90EDF31C271C85BD0097F0E0;
			remoteInfo = ToBeCited;
		};
/* End PBXContainerItemProxy section */

/* Begin PBXFileReference section */
		9009B6702720B19F0023C316 /* PDFFilePickerViewController.swift */ = {isa = PBXFileReference; lastKnownFileType = sourcecode.swift; path = PDFFilePickerViewController.swift; sourceTree = "<group>"; };
		9009B6722720B31A0023C316 /* PDFKitView.swift */ = {isa = PBXFileReference; lastKnownFileType = sourcecode.swift; path = PDFKitView.swift; sourceTree = "<group>"; };
		9009B6742720B8220023C316 /* EditAbstractView.swift */ = {isa = PBXFileReference; lastKnownFileType = sourcecode.swift; path = EditAbstractView.swift; sourceTree = "<group>"; };
		9009B6762720CF080023C316 /* ShareActivityView.swift */ = {isa = PBXFileReference; fileEncoding = 4; lastKnownFileType = sourcecode.swift; path = ShareActivityView.swift; sourceTree = "<group>"; };
		9009B6782721FB640023C316 /* AuthorMergeView.swift */ = {isa = PBXFileReference; lastKnownFileType = sourcecode.swift; path = AuthorMergeView.swift; sourceTree = "<group>"; };
		900B8F38274071B300D40347 /* EditOrderView.swift */ = {isa = PBXFileReference; lastKnownFileType = sourcecode.swift; path = EditOrderView.swift; sourceTree = "<group>"; };
		900B8F3B2741AE3500D40347 /* ToBeCitedViewModel.swift */ = {isa = PBXFileReference; lastKnownFileType = sourcecode.swift; path = ToBeCitedViewModel.swift; sourceTree = "<group>"; };
		900B8F3D2741B12600D40347 /* EditCollectionView.swift */ = {isa = PBXFileReference; lastKnownFileType = sourcecode.swift; path = EditCollectionView.swift; sourceTree = "<group>"; };
		900D77032745BB0C00F0416C /* ExportOrder.swift */ = {isa = PBXFileReference; lastKnownFileType = sourcecode.swift; path = ExportOrder.swift; sourceTree = "<group>"; };
		901086B1275AA5590067A1E2 /* ArticleRowView.swift */ = {isa = PBXFileReference; lastKnownFileType = sourcecode.swift; path = ArticleRowView.swift; sourceTree = "<group>"; };
		90113C1D276BDD32007CE1D2 /* ContactDTO.swift */ = {isa = PBXFileReference; lastKnownFileType = sourcecode.swift; path = ContactDTO.swift; sourceTree = "<group>"; };
		90113C1F276BF163007CE1D2 /* AddToCollectionsView.swift */ = {isa = PBXFileReference; lastKnownFileType = sourcecode.swift; path = AddToCollectionsView.swift; sourceTree = "<group>"; };
		90113C21276BF73E007CE1D2 /* ImportCollectionAsReferencesView.swift */ = {isa = PBXFileReference; lastKnownFileType = sourcecode.swift; path = ImportCollectionAsReferencesView.swift; sourceTree = "<group>"; };
		9012113D27431B43008A35F7 /* ExportCollectionView.swift */ = {isa = PBXFileReference; lastKnownFileType = sourcecode.swift; path = ExportCollectionView.swift; sourceTree = "<group>"; };
		9012D31F28038FDB00860731 /* AddAuthorToCollectionView.swift */ = {isa = PBXFileReference; lastKnownFileType = sourcecode.swift; path = AddAuthorToCollectionView.swift; sourceTree = "<group>"; };
		902978712739A0AD00D82FE7 /* PreviewController.swift */ = {isa = PBXFileReference; lastKnownFileType = sourcecode.swift; path = PreviewController.swift; sourceTree = "<group>"; };
		902978752739BEE700D82FE7 /* Info.plist */ = {isa = PBXFileReference; lastKnownFileType = text.plist; path = Info.plist; sourceTree = "<group>"; };
		90306DCB28513F6500DEACB2 /* AppDelegate.swift */ = {isa = PBXFileReference; lastKnownFileType = sourcecode.swift; path = AppDelegate.swift; sourceTree = "<group>"; };
		9031FE0E278285FB005DADC8 /* EditRISView.swift */ = {isa = PBXFileReference; lastKnownFileType = sourcecode.swift; path = EditRISView.swift; sourceTree = "<group>"; };
		9035E35927F513F8007BCBD5 /* StatsView.swift */ = {isa = PBXFileReference; lastKnownFileType = sourcecode.swift; path = StatsView.swift; sourceTree = "<group>"; };
		9042BEB7284CF8D800C3BBD5 /* ToBeCitedConstants.swift */ = {isa = PBXFileReference; lastKnownFileType = sourcecode.swift; path = ToBeCitedConstants.swift; sourceTree = "<group>"; };
		9044F6772A7FDF6A00EB06AE /* ToBeCitedTab.swift */ = {isa = PBXFileReference; lastKnownFileType = sourcecode.swift; path = ToBeCitedTab.swift; sourceTree = "<group>"; };
		9044F6792A8032A200EB06AE /* EditAuthorsView.swift */ = {isa = PBXFileReference; lastKnownFileType = sourcecode.swift; path = EditAuthorsView.swift; sourceTree = "<group>"; };
		90760B462A89167A00E1536F /* JournalTitleView.swift */ = {isa = PBXFileReference; lastKnownFileType = sourcecode.swift; path = JournalTitleView.swift; sourceTree = "<group>"; };
		90760B482A8917ED00E1536F /* ToBeCitedJournalTitleFormatHelper.swift */ = {isa = PBXFileReference; lastKnownFileType = sourcecode.swift; path = ToBeCitedJournalTitleFormatHelper.swift; sourceTree = "<group>"; };
		907CC2CF2A884033001FE531 /* ToBeCitedNameFormatHelper.swift */ = {isa = PBXFileReference; lastKnownFileType = sourcecode.swift; path = ToBeCitedNameFormatHelper.swift; sourceTree = "<group>"; };
		9080FBBC2A7EF3DF00B547F1 /* ToBeCitedDateFormatter.swift */ = {isa = PBXFileReference; lastKnownFileType = sourcecode.swift; path = ToBeCitedDateFormatter.swift; sourceTree = "<group>"; };
		90A7D51F2A76E57600324970 /* ToBeCitedSpotlight.swift */ = {isa = PBXFileReference; lastKnownFileType = sourcecode.swift; path = ToBeCitedSpotlight.swift; sourceTree = "<group>"; };
		90A7D5212A76F6B200324970 /* PersistenceHelper.swift */ = {isa = PBXFileReference; lastKnownFileType = sourcecode.swift; path = PersistenceHelper.swift; sourceTree = "<group>"; };
		90B62040271E06BE005D0FEA /* RISReferenceType.swift */ = {isa = PBXFileReference; fileEncoding = 4; lastKnownFileType = sourcecode.swift; path = RISReferenceType.swift; sourceTree = "<group>"; };
		90B62041271E06BE005D0FEA /* RISTag.swift */ = {isa = PBXFileReference; fileEncoding = 4; lastKnownFileType = sourcecode.swift; path = RISTag.swift; sourceTree = "<group>"; };
		90B62042271E06BE005D0FEA /* RISRecord.swift */ = {isa = PBXFileReference; fileEncoding = 4; lastKnownFileType = sourcecode.swift; path = RISRecord.swift; sourceTree = "<group>"; };
		90B62046271E06D4005D0FEA /* RISParser.swift */ = {isa = PBXFileReference; lastKnownFileType = sourcecode.swift; path = RISParser.swift; sourceTree = "<group>"; };
		90B62048271E07BE005D0FEA /* AddRISView.swift */ = {isa = PBXFileReference; lastKnownFileType = sourcecode.swift; path = AddRISView.swift; sourceTree = "<group>"; };
		90B6204A271E0B92005D0FEA /* RISFilePickerViewController.swift */ = {isa = PBXFileReference; lastKnownFileType = sourcecode.swift; path = RISFilePickerViewController.swift; sourceTree = "<group>"; };
		90B6204C271E2C96005D0FEA /* RISWriter.swift */ = {isa = PBXFileReference; lastKnownFileType = sourcecode.swift; path = RISWriter.swift; sourceTree = "<group>"; };
		90BE389A2750350A005B98C7 /* CloudKit.framework */ = {isa = PBXFileReference; lastKnownFileType = wrapper.framework; name = CloudKit.framework; path = System/Library/Frameworks/CloudKit.framework; sourceTree = SDKROOT; };
		90C609C42CB1B7C500FDDF11 /* CollectionSummaryRowView.swift */ = {isa = PBXFileReference; lastKnownFileType = sourcecode.swift; path = CollectionSummaryRowView.swift; sourceTree = "<group>"; };
		90C8D7AD2753C7F70063DE71 /* CollectionSummaryView.swift */ = {isa = PBXFileReference; lastKnownFileType = sourcecode.swift; path = CollectionSummaryView.swift; sourceTree = "<group>"; };
		90C8D7AF2753C99A0063DE71 /* ArticleSummaryView.swift */ = {isa = PBXFileReference; lastKnownFileType = sourcecode.swift; path = ArticleSummaryView.swift; sourceTree = "<group>"; };
		90C8D7B12753E36D0063DE71 /* AuthorListView.swift */ = {isa = PBXFileReference; lastKnownFileType = sourcecode.swift; path = AuthorListView.swift; sourceTree = "<group>"; };
		90D89A622725A9440079EBD2 /* UpdateTextView.swift */ = {isa = PBXFileReference; lastKnownFileType = sourcecode.swift; path = UpdateTextView.swift; sourceTree = "<group>"; };
		90D89A642725F18E0079EBD2 /* AddContactView.swift */ = {isa = PBXFileReference; lastKnownFileType = sourcecode.swift; path = AddContactView.swift; sourceTree = "<group>"; };
		90DBDCCB2CACB340002504D3 /* PDFReadView.swift */ = {isa = PBXFileReference; lastKnownFileType = sourcecode.swift; path = PDFReadView.swift; sourceTree = "<group>"; };
		90DEAF53274ADE8100058AAC /* ArticleListView.swift */ = {isa = PBXFileReference; lastKnownFileType = sourcecode.swift; path = ArticleListView.swift; sourceTree = "<group>"; };
		90DEAF55274AE2C300058AAC /* FilterArticleView.swift */ = {isa = PBXFileReference; lastKnownFileType = sourcecode.swift; path = FilterArticleView.swift; sourceTree = "<group>"; };
		90EADA20274855D10001E150 /* TextDocument.swift */ = {isa = PBXFileReference; lastKnownFileType = sourcecode.swift; path = TextDocument.swift; sourceTree = "<group>"; };
		90EB0CE6275BD6A0002106B2 /* AuthorNameView.swift */ = {isa = PBXFileReference; lastKnownFileType = sourcecode.swift; path = AuthorNameView.swift; sourceTree = "<group>"; };
		90EDF31D271C85BD0097F0E0 /* ToBeCited.app */ = {isa = PBXFileReference; explicitFileType = wrapper.application; includeInIndex = 0; path = ToBeCited.app; sourceTree = BUILT_PRODUCTS_DIR; };
		90EDF320271C85BD0097F0E0 /* ToBeCitedApp.swift */ = {isa = PBXFileReference; lastKnownFileType = sourcecode.swift; path = ToBeCitedApp.swift; sourceTree = "<group>"; };
		90EDF322271C85BD0097F0E0 /* ContentView.swift */ = {isa = PBXFileReference; lastKnownFileType = sourcecode.swift; path = ContentView.swift; sourceTree = "<group>"; };
		90EDF324271C85BE0097F0E0 /* Assets.xcassets */ = {isa = PBXFileReference; lastKnownFileType = folder.assetcatalog; path = Assets.xcassets; sourceTree = "<group>"; };
		90EDF327271C85BF0097F0E0 /* Preview Assets.xcassets */ = {isa = PBXFileReference; lastKnownFileType = folder.assetcatalog; path = "Preview Assets.xcassets"; sourceTree = "<group>"; };
		90EDF32C271C85BF0097F0E0 /* ToBeCited.xcdatamodel */ = {isa = PBXFileReference; lastKnownFileType = wrapper.xcdatamodel; path = ToBeCited.xcdatamodel; sourceTree = "<group>"; };
		90EDF332271C85BF0097F0E0 /* ToBeCitedTests.xctest */ = {isa = PBXFileReference; explicitFileType = wrapper.cfbundle; includeInIndex = 0; path = ToBeCitedTests.xctest; sourceTree = BUILT_PRODUCTS_DIR; };
		90EDF336271C85BF0097F0E0 /* ToBeCitedTests.swift */ = {isa = PBXFileReference; lastKnownFileType = sourcecode.swift; path = ToBeCitedTests.swift; sourceTree = "<group>"; };
		90EDF33C271C85BF0097F0E0 /* ToBeCitedUITests.xctest */ = {isa = PBXFileReference; explicitFileType = wrapper.cfbundle; includeInIndex = 0; path = ToBeCitedUITests.xctest; sourceTree = BUILT_PRODUCTS_DIR; };
		90EDF340271C85BF0097F0E0 /* ToBeCitedUITests.swift */ = {isa = PBXFileReference; lastKnownFileType = sourcecode.swift; path = ToBeCitedUITests.swift; sourceTree = "<group>"; };
		90EDF342271C85BF0097F0E0 /* ToBeCitedUITestsLaunchTests.swift */ = {isa = PBXFileReference; lastKnownFileType = sourcecode.swift; path = ToBeCitedUITestsLaunchTests.swift; sourceTree = "<group>"; };
		90EDF34F271CA3110097F0E0 /* AddArticleView.swift */ = {isa = PBXFileReference; lastKnownFileType = sourcecode.swift; path = AddArticleView.swift; sourceTree = "<group>"; };
		90EDF352271CFC0B0097F0E0 /* ToBeCited.entitlements */ = {isa = PBXFileReference; lastKnownFileType = text.plist.entitlements; path = ToBeCited.entitlements; sourceTree = "<group>"; };
		90EF91ED27584F3300B1CD6F /* AuthorContactView.swift */ = {isa = PBXFileReference; lastKnownFileType = sourcecode.swift; path = AuthorContactView.swift; sourceTree = "<group>"; };
		90F27EE7275171F80072BAA1 /* CollectionListView.swift */ = {isa = PBXFileReference; lastKnownFileType = sourcecode.swift; path = CollectionListView.swift; sourceTree = "<group>"; };
		90F9793F2749A6A8008AD083 /* PDFDocument.swift */ = {isa = PBXFileReference; lastKnownFileType = sourcecode.swift; path = PDFDocument.swift; sourceTree = "<group>"; };
		90FD8418273C5F6B00929EF7 /* SelectReferencesView.swift */ = {isa = PBXFileReference; lastKnownFileType = sourcecode.swift; path = SelectReferencesView.swift; sourceTree = "<group>"; };
		90FD841B273C8B9200929EF7 /* CollectionDetailView.swift */ = {isa = PBXFileReference; lastKnownFileType = sourcecode.swift; path = CollectionDetailView.swift; sourceTree = "<group>"; };
		90FD841D273C917E00929EF7 /* AddCollectionView.swift */ = {isa = PBXFileReference; lastKnownFileType = sourcecode.swift; path = AddCollectionView.swift; sourceTree = "<group>"; };
		90FDA8592CC4451A000E1D95 /* SpotlightHelper.swift */ = {isa = PBXFileReference; lastKnownFileType = sourcecode.swift; path = SpotlightHelper.swift; sourceTree = "<group>"; };
		90FDA85B2CC46BFB000E1D95 /* SpotlightAttributeSet.swift */ = {isa = PBXFileReference; lastKnownFileType = sourcecode.swift; path = SpotlightAttributeSet.swift; sourceTree = "<group>"; };
		90FE9770271F68A1002A75C3 /* ArticleDetailView.swift */ = {isa = PBXFileReference; lastKnownFileType = sourcecode.swift; path = ArticleDetailView.swift; sourceTree = "<group>"; };
		90FE9772271F7E62002A75C3 /* AuthorDetailView.swift */ = {isa = PBXFileReference; lastKnownFileType = sourcecode.swift; path = AuthorDetailView.swift; sourceTree = "<group>"; };
/* End PBXFileReference section */

/* Begin PBXFrameworksBuildPhase section */
		90EDF31A271C85BD0097F0E0 /* Frameworks */ = {
			isa = PBXFrameworksBuildPhase;
			buildActionMask = 2147483647;
			files = (
				903F1C91284EC47F00F93982 /* Persistence in Frameworks */,
				90BE389B2750350A005B98C7 /* CloudKit.framework in Frameworks */,
			);
			runOnlyForDeploymentPostprocessing = 0;
		};
		90EDF32F271C85BF0097F0E0 /* Frameworks */ = {
			isa = PBXFrameworksBuildPhase;
			buildActionMask = 2147483647;
			files = (
			);
			runOnlyForDeploymentPostprocessing = 0;
		};
		90EDF339271C85BF0097F0E0 /* Frameworks */ = {
			isa = PBXFrameworksBuildPhase;
			buildActionMask = 2147483647;
			files = (
			);
			runOnlyForDeploymentPostprocessing = 0;
		};
/* End PBXFrameworksBuildPhase section */

/* Begin PBXGroup section */
		900B8F3A2741AE1E00D40347 /* ViewModel */ = {
			isa = PBXGroup;
			children = (
				90FDA85B2CC46BFB000E1D95 /* SpotlightAttributeSet.swift */,
				900B8F3B2741AE3500D40347 /* ToBeCitedViewModel.swift */,
				900D77032745BB0C00F0416C /* ExportOrder.swift */,
				90113C1D276BDD32007CE1D2 /* ContactDTO.swift */,
				90A7D51F2A76E57600324970 /* ToBeCitedSpotlight.swift */,
				90A7D5212A76F6B200324970 /* PersistenceHelper.swift */,
				9080FBBC2A7EF3DF00B547F1 /* ToBeCitedDateFormatter.swift */,
				9044F6772A7FDF6A00EB06AE /* ToBeCitedTab.swift */,
				907CC2CF2A884033001FE531 /* ToBeCitedNameFormatHelper.swift */,
				90760B482A8917ED00E1536F /* ToBeCitedJournalTitleFormatHelper.swift */,
				90FDA8592CC4451A000E1D95 /* SpotlightHelper.swift */,
			);
			path = ViewModel;
			sourceTree = "<group>";
		};
		90B6203F271E06AB005D0FEA /* RISParser */ = {
			isa = PBXGroup;
			children = (
				90B62042271E06BE005D0FEA /* RISRecord.swift */,
				90B62040271E06BE005D0FEA /* RISReferenceType.swift */,
				90B62041271E06BE005D0FEA /* RISTag.swift */,
				90B62046271E06D4005D0FEA /* RISParser.swift */,
				90B6204C271E2C96005D0FEA /* RISWriter.swift */,
			);
			path = RISParser;
			sourceTree = "<group>";
		};
		90BE38992750350A005B98C7 /* Frameworks */ = {
			isa = PBXGroup;
			children = (
				90BE389A2750350A005B98C7 /* CloudKit.framework */,
			);
			name = Frameworks;
			sourceTree = "<group>";
		};
		90D89A602724C6280079EBD2 /* Article */ = {
			isa = PBXGroup;
			children = (
				90EDF34F271CA3110097F0E0 /* AddArticleView.swift */,
				90B62048271E07BE005D0FEA /* AddRISView.swift */,
				9031FE0E278285FB005DADC8 /* EditRISView.swift */,
				9009B6742720B8220023C316 /* EditAbstractView.swift */,
				9044F6792A8032A200EB06AE /* EditAuthorsView.swift */,
				90FE9770271F68A1002A75C3 /* ArticleDetailView.swift */,
				90B6204A271E0B92005D0FEA /* RISFilePickerViewController.swift */,
				9009B6702720B19F0023C316 /* PDFFilePickerViewController.swift */,
				90DBDCCB2CACB340002504D3 /* PDFReadView.swift */,
				9009B6722720B31A0023C316 /* PDFKitView.swift */,
				90FD8418273C5F6B00929EF7 /* SelectReferencesView.swift */,
				90F9793F2749A6A8008AD083 /* PDFDocument.swift */,
				90DEAF53274ADE8100058AAC /* ArticleListView.swift */,
				90DEAF55274AE2C300058AAC /* FilterArticleView.swift */,
				90C8D7AF2753C99A0063DE71 /* ArticleSummaryView.swift */,
				901086B1275AA5590067A1E2 /* ArticleRowView.swift */,
				90113C1F276BF163007CE1D2 /* AddToCollectionsView.swift */,
				90113C21276BF73E007CE1D2 /* ImportCollectionAsReferencesView.swift */,
				90760B462A89167A00E1536F /* JournalTitleView.swift */,
			);
			path = Article;
			sourceTree = "<group>";
		};
		90D89A612724C6420079EBD2 /* Author */ = {
			isa = PBXGroup;
			children = (
				90FE9772271F7E62002A75C3 /* AuthorDetailView.swift */,
				9009B6782721FB640023C316 /* AuthorMergeView.swift */,
				90D89A642725F18E0079EBD2 /* AddContactView.swift */,
				90C8D7B12753E36D0063DE71 /* AuthorListView.swift */,
				90EF91ED27584F3300B1CD6F /* AuthorContactView.swift */,
				90EB0CE6275BD6A0002106B2 /* AuthorNameView.swift */,
				9012D31F28038FDB00860731 /* AddAuthorToCollectionView.swift */,
			);
			path = Author;
			sourceTree = "<group>";
		};
		90EDF314271C85BD0097F0E0 = {
			isa = PBXGroup;
			children = (
				90EDF31F271C85BD0097F0E0 /* ToBeCited */,
				90EDF335271C85BF0097F0E0 /* ToBeCitedTests */,
				90EDF33F271C85BF0097F0E0 /* ToBeCitedUITests */,
				90EDF31E271C85BD0097F0E0 /* Products */,
				90BE38992750350A005B98C7 /* Frameworks */,
			);
			sourceTree = "<group>";
		};
		90EDF31E271C85BD0097F0E0 /* Products */ = {
			isa = PBXGroup;
			children = (
				90EDF31D271C85BD0097F0E0 /* ToBeCited.app */,
				90EDF332271C85BF0097F0E0 /* ToBeCitedTests.xctest */,
				90EDF33C271C85BF0097F0E0 /* ToBeCitedUITests.xctest */,
			);
			name = Products;
			sourceTree = "<group>";
		};
		90EDF31F271C85BD0097F0E0 /* ToBeCited */ = {
			isa = PBXGroup;
			children = (
				900B8F3A2741AE1E00D40347 /* ViewModel */,
				902978752739BEE700D82FE7 /* Info.plist */,
				90B6203F271E06AB005D0FEA /* RISParser */,
				90EDF352271CFC0B0097F0E0 /* ToBeCited.entitlements */,
				90EDF351271CA3160097F0E0 /* Views */,
				90EDF320271C85BD0097F0E0 /* ToBeCitedApp.swift */,
				90EDF322271C85BD0097F0E0 /* ContentView.swift */,
				90EDF324271C85BE0097F0E0 /* Assets.xcassets */,
				90EDF32B271C85BF0097F0E0 /* ToBeCited.xcdatamodeld */,
				90EDF326271C85BF0097F0E0 /* Preview Content */,
				902978712739A0AD00D82FE7 /* PreviewController.swift */,
				9042BEB7284CF8D800C3BBD5 /* ToBeCitedConstants.swift */,
				90306DCB28513F6500DEACB2 /* AppDelegate.swift */,
			);
			path = ToBeCited;
			sourceTree = "<group>";
		};
		90EDF326271C85BF0097F0E0 /* Preview Content */ = {
			isa = PBXGroup;
			children = (
				90EDF327271C85BF0097F0E0 /* Preview Assets.xcassets */,
			);
			path = "Preview Content";
			sourceTree = "<group>";
		};
		90EDF335271C85BF0097F0E0 /* ToBeCitedTests */ = {
			isa = PBXGroup;
			children = (
				90EDF336271C85BF0097F0E0 /* ToBeCitedTests.swift */,
			);
			path = ToBeCitedTests;
			sourceTree = "<group>";
		};
		90EDF33F271C85BF0097F0E0 /* ToBeCitedUITests */ = {
			isa = PBXGroup;
			children = (
				90EDF340271C85BF0097F0E0 /* ToBeCitedUITests.swift */,
				90EDF342271C85BF0097F0E0 /* ToBeCitedUITestsLaunchTests.swift */,
			);
			path = ToBeCitedUITests;
			sourceTree = "<group>";
		};
		90EDF351271CA3160097F0E0 /* Views */ = {
			isa = PBXGroup;
			children = (
				90FD841A273C8B1300929EF7 /* Collection */,
				90D89A612724C6420079EBD2 /* Author */,
				90D89A602724C6280079EBD2 /* Article */,
				9009B6762720CF080023C316 /* ShareActivityView.swift */,
				90D89A622725A9440079EBD2 /* UpdateTextView.swift */,
				9035E35927F513F8007BCBD5 /* StatsView.swift */,
			);
			path = Views;
			sourceTree = "<group>";
		};
		90FD841A273C8B1300929EF7 /* Collection */ = {
			isa = PBXGroup;
			children = (
				90FD841D273C917E00929EF7 /* AddCollectionView.swift */,
				90FD841B273C8B9200929EF7 /* CollectionDetailView.swift */,
				900B8F38274071B300D40347 /* EditOrderView.swift */,
				900B8F3D2741B12600D40347 /* EditCollectionView.swift */,
				9012113D27431B43008A35F7 /* ExportCollectionView.swift */,
				90EADA20274855D10001E150 /* TextDocument.swift */,
				90F27EE7275171F80072BAA1 /* CollectionListView.swift */,
				90C8D7AD2753C7F70063DE71 /* CollectionSummaryView.swift */,
				90C609C42CB1B7C500FDDF11 /* CollectionSummaryRowView.swift */,
			);
			path = Collection;
			sourceTree = "<group>";
		};
/* End PBXGroup section */

/* Begin PBXNativeTarget section */
		90EDF31C271C85BD0097F0E0 /* ToBeCited */ = {
			isa = PBXNativeTarget;
			buildConfigurationList = 90EDF346271C85BF0097F0E0 /* Build configuration list for PBXNativeTarget "ToBeCited" */;
			buildPhases = (
				90EDF319271C85BD0097F0E0 /* Sources */,
				90EDF31A271C85BD0097F0E0 /* Frameworks */,
				90EDF31B271C85BD0097F0E0 /* Resources */,
			);
			buildRules = (
			);
			dependencies = (
			);
			name = ToBeCited;
			packageProductDependencies = (
				903F1C90284EC47F00F93982 /* Persistence */,
			);
			productName = ToBeCited;
			productReference = 90EDF31D271C85BD0097F0E0 /* ToBeCited.app */;
			productType = "com.apple.product-type.application";
		};
		90EDF331271C85BF0097F0E0 /* ToBeCitedTests */ = {
			isa = PBXNativeTarget;
			buildConfigurationList = 90EDF349271C85BF0097F0E0 /* Build configuration list for PBXNativeTarget "ToBeCitedTests" */;
			buildPhases = (
				90EDF32E271C85BF0097F0E0 /* Sources */,
				90EDF32F271C85BF0097F0E0 /* Frameworks */,
				90EDF330271C85BF0097F0E0 /* Resources */,
			);
			buildRules = (
			);
			dependencies = (
				90EDF334271C85BF0097F0E0 /* PBXTargetDependency */,
			);
			name = ToBeCitedTests;
			productName = ToBeCitedTests;
			productReference = 90EDF332271C85BF0097F0E0 /* ToBeCitedTests.xctest */;
			productType = "com.apple.product-type.bundle.unit-test";
		};
		90EDF33B271C85BF0097F0E0 /* ToBeCitedUITests */ = {
			isa = PBXNativeTarget;
			buildConfigurationList = 90EDF34C271C85BF0097F0E0 /* Build configuration list for PBXNativeTarget "ToBeCitedUITests" */;
			buildPhases = (
				90EDF338271C85BF0097F0E0 /* Sources */,
				90EDF339271C85BF0097F0E0 /* Frameworks */,
				90EDF33A271C85BF0097F0E0 /* Resources */,
			);
			buildRules = (
			);
			dependencies = (
				90EDF33E271C85BF0097F0E0 /* PBXTargetDependency */,
			);
			name = ToBeCitedUITests;
			productName = ToBeCitedUITests;
			productReference = 90EDF33C271C85BF0097F0E0 /* ToBeCitedUITests.xctest */;
			productType = "com.apple.product-type.bundle.ui-testing";
		};
/* End PBXNativeTarget section */

/* Begin PBXProject section */
		90EDF315271C85BD0097F0E0 /* Project object */ = {
			isa = PBXProject;
			attributes = {
				BuildIndependentTargetsInParallel = 1;
				LastSwiftUpdateCheck = 1300;
				LastUpgradeCheck = 1610;
				TargetAttributes = {
					90EDF31C271C85BD0097F0E0 = {
						CreatedOnToolsVersion = 13.0;
					};
					90EDF331271C85BF0097F0E0 = {
						CreatedOnToolsVersion = 13.0;
						TestTargetID = 90EDF31C271C85BD0097F0E0;
					};
					90EDF33B271C85BF0097F0E0 = {
						CreatedOnToolsVersion = 13.0;
						TestTargetID = 90EDF31C271C85BD0097F0E0;
					};
				};
			};
			buildConfigurationList = 90EDF318271C85BD0097F0E0 /* Build configuration list for PBXProject "ToBeCited" */;
			compatibilityVersion = "Xcode 13.0";
			developmentRegion = en;
			hasScannedForEncodings = 0;
			knownRegions = (
				en,
				Base,
			);
			mainGroup = 90EDF314271C85BD0097F0E0;
			packageReferences = (
				903F1C8F284EC47F00F93982 /* XCRemoteSwiftPackageReference "PersistenceSwift" */,
			);
			productRefGroup = 90EDF31E271C85BD0097F0E0 /* Products */;
			projectDirPath = "";
			projectRoot = "";
			targets = (
				90EDF31C271C85BD0097F0E0 /* ToBeCited */,
				90EDF331271C85BF0097F0E0 /* ToBeCitedTests */,
				90EDF33B271C85BF0097F0E0 /* ToBeCitedUITests */,
			);
		};
/* End PBXProject section */

/* Begin PBXResourcesBuildPhase section */
		90EDF31B271C85BD0097F0E0 /* Resources */ = {
			isa = PBXResourcesBuildPhase;
			buildActionMask = 2147483647;
			files = (
				90EDF328271C85BF0097F0E0 /* Preview Assets.xcassets in Resources */,
				90EDF325271C85BE0097F0E0 /* Assets.xcassets in Resources */,
			);
			runOnlyForDeploymentPostprocessing = 0;
		};
		90EDF330271C85BF0097F0E0 /* Resources */ = {
			isa = PBXResourcesBuildPhase;
			buildActionMask = 2147483647;
			files = (
			);
			runOnlyForDeploymentPostprocessing = 0;
		};
		90EDF33A271C85BF0097F0E0 /* Resources */ = {
			isa = PBXResourcesBuildPhase;
			buildActionMask = 2147483647;
			files = (
			);
			runOnlyForDeploymentPostprocessing = 0;
		};
/* End PBXResourcesBuildPhase section */

/* Begin PBXSourcesBuildPhase section */
		90EDF319271C85BD0097F0E0 /* Sources */ = {
			isa = PBXSourcesBuildPhase;
			buildActionMask = 2147483647;
			files = (
				90113C1E276BDD32007CE1D2 /* ContactDTO.swift in Sources */,
				90FD841E273C917E00929EF7 /* AddCollectionView.swift in Sources */,
				90C8D7B22753E36D0063DE71 /* AuthorListView.swift in Sources */,
				9044F6782A7FDF6A00EB06AE /* ToBeCitedTab.swift in Sources */,
				90DEAF54274ADE8100058AAC /* ArticleListView.swift in Sources */,
				90C8D7AE2753C7F70063DE71 /* CollectionSummaryView.swift in Sources */,
				90FE9771271F68A1002A75C3 /* ArticleDetailView.swift in Sources */,
				901086B2275AA5590067A1E2 /* ArticleRowView.swift in Sources */,
				90EDF32D271C85BF0097F0E0 /* ToBeCited.xcdatamodeld in Sources */,
				90F979402749A6A8008AD083 /* PDFDocument.swift in Sources */,
				90EDF350271CA3110097F0E0 /* AddArticleView.swift in Sources */,
				90B62047271E06D4005D0FEA /* RISParser.swift in Sources */,
				90306DCC28513F6500DEACB2 /* AppDelegate.swift in Sources */,
				907CC2D02A884033001FE531 /* ToBeCitedNameFormatHelper.swift in Sources */,
				90A7D5202A76E57600324970 /* ToBeCitedSpotlight.swift in Sources */,
				90A7D5222A76F6B200324970 /* PersistenceHelper.swift in Sources */,
				90FDA85C2CC46C19000E1D95 /* SpotlightAttributeSet.swift in Sources */,
				9009B6772720CF080023C316 /* ShareActivityView.swift in Sources */,
				90FDA85A2CC4451A000E1D95 /* SpotlightHelper.swift in Sources */,
				9009B6712720B19F0023C316 /* PDFFilePickerViewController.swift in Sources */,
				900B8F3E2741B12700D40347 /* EditCollectionView.swift in Sources */,
				900B8F39274071B300D40347 /* EditOrderView.swift in Sources */,
				90EDF323271C85BD0097F0E0 /* ContentView.swift in Sources */,
				90B62043271E06BE005D0FEA /* RISReferenceType.swift in Sources */,
				9009B6732720B31A0023C316 /* PDFKitView.swift in Sources */,
				90C8D7B02753C99A0063DE71 /* ArticleSummaryView.swift in Sources */,
				9035E35A27F513F8007BCBD5 /* StatsView.swift in Sources */,
				90EB0CE7275BD6A0002106B2 /* AuthorNameView.swift in Sources */,
				90FD8419273C5F6B00929EF7 /* SelectReferencesView.swift in Sources */,
				90760B492A8917ED00E1536F /* ToBeCitedJournalTitleFormatHelper.swift in Sources */,
				90D89A632725A9440079EBD2 /* UpdateTextView.swift in Sources */,
				90EDF321271C85BD0097F0E0 /* ToBeCitedApp.swift in Sources */,
				90EADA21274855D10001E150 /* TextDocument.swift in Sources */,
				90D89A652725F18E0079EBD2 /* AddContactView.swift in Sources */,
				9012113E27431B43008A35F7 /* ExportCollectionView.swift in Sources */,
				90DEAF56274AE2C300058AAC /* FilterArticleView.swift in Sources */,
				9044F67A2A8032A200EB06AE /* EditAuthorsView.swift in Sources */,
				90B62044271E06BE005D0FEA /* RISTag.swift in Sources */,
				90DBDCCC2CACB340002504D3 /* PDFReadView.swift in Sources */,
				90FD841C273C8B9200929EF7 /* CollectionDetailView.swift in Sources */,
				902978722739A0AD00D82FE7 /* PreviewController.swift in Sources */,
				9009B6752720B8220023C316 /* EditAbstractView.swift in Sources */,
				90B62045271E06BE005D0FEA /* RISRecord.swift in Sources */,
				90B6204D271E2C96005D0FEA /* RISWriter.swift in Sources */,
				90F27EE8275171F80072BAA1 /* CollectionListView.swift in Sources */,
				90B62049271E07BE005D0FEA /* AddRISView.swift in Sources */,
				9042BEB8284CF8D800C3BBD5 /* ToBeCitedConstants.swift in Sources */,
				900B8F3C2741AE3500D40347 /* ToBeCitedViewModel.swift in Sources */,
				90FE9773271F7E62002A75C3 /* AuthorDetailView.swift in Sources */,
				9012D32028038FDB00860731 /* AddAuthorToCollectionView.swift in Sources */,
				90EF91EE27584F3300B1CD6F /* AuthorContactView.swift in Sources */,
				90B6204B271E0B92005D0FEA /* RISFilePickerViewController.swift in Sources */,
				90C609C52CB1B7C500FDDF11 /* CollectionSummaryRowView.swift in Sources */,
				90113C20276BF163007CE1D2 /* AddToCollectionsView.swift in Sources */,
				9080FBBD2A7EF3DF00B547F1 /* ToBeCitedDateFormatter.swift in Sources */,
				90113C22276BF73E007CE1D2 /* ImportCollectionAsReferencesView.swift in Sources */,
				90760B472A89167A00E1536F /* JournalTitleView.swift in Sources */,
				900D77042745BB0C00F0416C /* ExportOrder.swift in Sources */,
				9009B6792721FB640023C316 /* AuthorMergeView.swift in Sources */,
				9031FE0F278285FB005DADC8 /* EditRISView.swift in Sources */,
			);
			runOnlyForDeploymentPostprocessing = 0;
		};
		90EDF32E271C85BF0097F0E0 /* Sources */ = {
			isa = PBXSourcesBuildPhase;
			buildActionMask = 2147483647;
			files = (
				90EDF337271C85BF0097F0E0 /* ToBeCitedTests.swift in Sources */,
			);
			runOnlyForDeploymentPostprocessing = 0;
		};
		90EDF338271C85BF0097F0E0 /* Sources */ = {
			isa = PBXSourcesBuildPhase;
			buildActionMask = 2147483647;
			files = (
				90EDF343271C85BF0097F0E0 /* ToBeCitedUITestsLaunchTests.swift in Sources */,
				90EDF341271C85BF0097F0E0 /* ToBeCitedUITests.swift in Sources */,
			);
			runOnlyForDeploymentPostprocessing = 0;
		};
/* End PBXSourcesBuildPhase section */

/* Begin PBXTargetDependency section */
		90EDF334271C85BF0097F0E0 /* PBXTargetDependency */ = {
			isa = PBXTargetDependency;
			target = 90EDF31C271C85BD0097F0E0 /* ToBeCited */;
			targetProxy = 90EDF333271C85BF0097F0E0 /* PBXContainerItemProxy */;
		};
		90EDF33E271C85BF0097F0E0 /* PBXTargetDependency */ = {
			isa = PBXTargetDependency;
			target = 90EDF31C271C85BD0097F0E0 /* ToBeCited */;
			targetProxy = 90EDF33D271C85BF0097F0E0 /* PBXContainerItemProxy */;
		};
/* End PBXTargetDependency section */

/* Begin XCBuildConfiguration section */
		90EDF344271C85BF0097F0E0 /* Debug */ = {
			isa = XCBuildConfiguration;
			buildSettings = {
				ALWAYS_SEARCH_USER_PATHS = NO;
				ASSETCATALOG_COMPILER_GENERATE_SWIFT_ASSET_SYMBOL_EXTENSIONS = YES;
				CLANG_ANALYZER_NONNULL = YES;
				CLANG_ANALYZER_NUMBER_OBJECT_CONVERSION = YES_AGGRESSIVE;
				CLANG_CXX_LANGUAGE_STANDARD = "gnu++17";
				CLANG_CXX_LIBRARY = "libc++";
				CLANG_ENABLE_MODULES = YES;
				CLANG_ENABLE_OBJC_ARC = YES;
				CLANG_ENABLE_OBJC_WEAK = YES;
				CLANG_WARN_BLOCK_CAPTURE_AUTORELEASING = YES;
				CLANG_WARN_BOOL_CONVERSION = YES;
				CLANG_WARN_COMMA = YES;
				CLANG_WARN_CONSTANT_CONVERSION = YES;
				CLANG_WARN_DEPRECATED_OBJC_IMPLEMENTATIONS = YES;
				CLANG_WARN_DIRECT_OBJC_ISA_USAGE = YES_ERROR;
				CLANG_WARN_DOCUMENTATION_COMMENTS = YES;
				CLANG_WARN_EMPTY_BODY = YES;
				CLANG_WARN_ENUM_CONVERSION = YES;
				CLANG_WARN_INFINITE_RECURSION = YES;
				CLANG_WARN_INT_CONVERSION = YES;
				CLANG_WARN_NON_LITERAL_NULL_CONVERSION = YES;
				CLANG_WARN_OBJC_IMPLICIT_RETAIN_SELF = YES;
				CLANG_WARN_OBJC_LITERAL_CONVERSION = YES;
				CLANG_WARN_OBJC_ROOT_CLASS = YES_ERROR;
				CLANG_WARN_QUOTED_INCLUDE_IN_FRAMEWORK_HEADER = YES;
				CLANG_WARN_RANGE_LOOP_ANALYSIS = YES;
				CLANG_WARN_STRICT_PROTOTYPES = YES;
				CLANG_WARN_SUSPICIOUS_MOVE = YES;
				CLANG_WARN_UNGUARDED_AVAILABILITY = YES_AGGRESSIVE;
				CLANG_WARN_UNREACHABLE_CODE = YES;
				CLANG_WARN__DUPLICATE_METHOD_MATCH = YES;
				COPY_PHASE_STRIP = NO;
				DEBUG_INFORMATION_FORMAT = dwarf;
				ENABLE_STRICT_OBJC_MSGSEND = YES;
				ENABLE_TESTABILITY = YES;
				ENABLE_USER_SCRIPT_SANDBOXING = YES;
				GCC_C_LANGUAGE_STANDARD = gnu11;
				GCC_DYNAMIC_NO_PIC = NO;
				GCC_NO_COMMON_BLOCKS = YES;
				GCC_OPTIMIZATION_LEVEL = 0;
				GCC_PREPROCESSOR_DEFINITIONS = (
					"DEBUG=1",
					"$(inherited)",
				);
				GCC_WARN_64_TO_32_BIT_CONVERSION = YES;
				GCC_WARN_ABOUT_RETURN_TYPE = YES_ERROR;
				GCC_WARN_UNDECLARED_SELECTOR = YES;
				GCC_WARN_UNINITIALIZED_AUTOS = YES_AGGRESSIVE;
				GCC_WARN_UNUSED_FUNCTION = YES;
				GCC_WARN_UNUSED_VARIABLE = YES;
				IPHONEOS_DEPLOYMENT_TARGET = 15.0;
				MTL_ENABLE_DEBUG_INFO = INCLUDE_SOURCE;
				MTL_FAST_MATH = YES;
				ONLY_ACTIVE_ARCH = YES;
				SDKROOT = iphoneos;
				SWIFT_ACTIVE_COMPILATION_CONDITIONS = DEBUG;
				SWIFT_OPTIMIZATION_LEVEL = "-Onone";
			};
			name = Debug;
		};
		90EDF345271C85BF0097F0E0 /* Release */ = {
			isa = XCBuildConfiguration;
			buildSettings = {
				ALWAYS_SEARCH_USER_PATHS = NO;
				ASSETCATALOG_COMPILER_GENERATE_SWIFT_ASSET_SYMBOL_EXTENSIONS = YES;
				CLANG_ANALYZER_NONNULL = YES;
				CLANG_ANALYZER_NUMBER_OBJECT_CONVERSION = YES_AGGRESSIVE;
				CLANG_CXX_LANGUAGE_STANDARD = "gnu++17";
				CLANG_CXX_LIBRARY = "libc++";
				CLANG_ENABLE_MODULES = YES;
				CLANG_ENABLE_OBJC_ARC = YES;
				CLANG_ENABLE_OBJC_WEAK = YES;
				CLANG_WARN_BLOCK_CAPTURE_AUTORELEASING = YES;
				CLANG_WARN_BOOL_CONVERSION = YES;
				CLANG_WARN_COMMA = YES;
				CLANG_WARN_CONSTANT_CONVERSION = YES;
				CLANG_WARN_DEPRECATED_OBJC_IMPLEMENTATIONS = YES;
				CLANG_WARN_DIRECT_OBJC_ISA_USAGE = YES_ERROR;
				CLANG_WARN_DOCUMENTATION_COMMENTS = YES;
				CLANG_WARN_EMPTY_BODY = YES;
				CLANG_WARN_ENUM_CONVERSION = YES;
				CLANG_WARN_INFINITE_RECURSION = YES;
				CLANG_WARN_INT_CONVERSION = YES;
				CLANG_WARN_NON_LITERAL_NULL_CONVERSION = YES;
				CLANG_WARN_OBJC_IMPLICIT_RETAIN_SELF = YES;
				CLANG_WARN_OBJC_LITERAL_CONVERSION = YES;
				CLANG_WARN_OBJC_ROOT_CLASS = YES_ERROR;
				CLANG_WARN_QUOTED_INCLUDE_IN_FRAMEWORK_HEADER = YES;
				CLANG_WARN_RANGE_LOOP_ANALYSIS = YES;
				CLANG_WARN_STRICT_PROTOTYPES = YES;
				CLANG_WARN_SUSPICIOUS_MOVE = YES;
				CLANG_WARN_UNGUARDED_AVAILABILITY = YES_AGGRESSIVE;
				CLANG_WARN_UNREACHABLE_CODE = YES;
				CLANG_WARN__DUPLICATE_METHOD_MATCH = YES;
				COPY_PHASE_STRIP = NO;
				DEBUG_INFORMATION_FORMAT = "dwarf-with-dsym";
				ENABLE_NS_ASSERTIONS = NO;
				ENABLE_STRICT_OBJC_MSGSEND = YES;
				ENABLE_USER_SCRIPT_SANDBOXING = YES;
				GCC_C_LANGUAGE_STANDARD = gnu11;
				GCC_NO_COMMON_BLOCKS = YES;
				GCC_WARN_64_TO_32_BIT_CONVERSION = YES;
				GCC_WARN_ABOUT_RETURN_TYPE = YES_ERROR;
				GCC_WARN_UNDECLARED_SELECTOR = YES;
				GCC_WARN_UNINITIALIZED_AUTOS = YES_AGGRESSIVE;
				GCC_WARN_UNUSED_FUNCTION = YES;
				GCC_WARN_UNUSED_VARIABLE = YES;
				IPHONEOS_DEPLOYMENT_TARGET = 15.0;
				MTL_ENABLE_DEBUG_INFO = NO;
				MTL_FAST_MATH = YES;
				SDKROOT = iphoneos;
				SWIFT_COMPILATION_MODE = wholemodule;
				SWIFT_OPTIMIZATION_LEVEL = "-O";
				VALIDATE_PRODUCT = YES;
			};
			name = Release;
		};
		90EDF347271C85BF0097F0E0 /* Debug */ = {
			isa = XCBuildConfiguration;
			buildSettings = {
				ASSETCATALOG_COMPILER_APPICON_NAME = AppIcon;
				ASSETCATALOG_COMPILER_GLOBAL_ACCENT_COLOR_NAME = AccentColor;
				CODE_SIGN_ENTITLEMENTS = ToBeCited/ToBeCited.entitlements;
				CODE_SIGN_STYLE = Automatic;
				CURRENT_PROJECT_VERSION = 7;
				DEVELOPMENT_ASSET_PATHS = "\"ToBeCited/Preview Content\"";
				DEVELOPMENT_TEAM = U8VSJXRJTQ;
				ENABLE_PREVIEWS = YES;
				GENERATE_INFOPLIST_FILE = YES;
				INFOPLIST_FILE = ToBeCited/Info.plist;
				INFOPLIST_KEY_LSApplicationCategoryType = "public.app-category.productivity";
				INFOPLIST_KEY_LSSupportsOpeningDocumentsInPlace = YES;
				INFOPLIST_KEY_UIApplicationSupportsIndirectInputEvents = YES;
				INFOPLIST_KEY_UILaunchScreen_Generation = YES;
				INFOPLIST_KEY_UISupportedInterfaceOrientations = "UIInterfaceOrientationPortrait UIInterfaceOrientationLandscapeLeft UIInterfaceOrientationLandscapeRight";
				INFOPLIST_KEY_UISupportedInterfaceOrientations_iPad = "UIInterfaceOrientationPortrait UIInterfaceOrientationPortraitUpsideDown UIInterfaceOrientationLandscapeLeft UIInterfaceOrientationLandscapeRight";
				INFOPLIST_KEY_UISupportedInterfaceOrientations_iPhone = "UIInterfaceOrientationPortrait UIInterfaceOrientationLandscapeLeft UIInterfaceOrientationLandscapeRight";
				IPHONEOS_DEPLOYMENT_TARGET = 18.0;
				LD_RUNPATH_SEARCH_PATHS = (
					"$(inherited)",
					"@executable_path/Frameworks",
				);
				MARKETING_VERSION = 1.6;
				PRODUCT_BUNDLE_IDENTIFIER = com.resonance.jlee.tobecited;
				PRODUCT_NAME = "$(TARGET_NAME)";
				SUPPORTED_PLATFORMS = "iphoneos iphonesimulator";
				SUPPORTS_MACCATALYST = NO;
				SUPPORTS_MAC_DESIGNED_FOR_IPHONE_IPAD = YES;
				SWIFT_EMIT_LOC_STRINGS = YES;
				SWIFT_STRICT_CONCURRENCY = complete;
				SWIFT_VERSION = 5.0;
				TARGETED_DEVICE_FAMILY = "1,2";
			};
			name = Debug;
		};
		90EDF348271C85BF0097F0E0 /* Release */ = {
			isa = XCBuildConfiguration;
			buildSettings = {
				ASSETCATALOG_COMPILER_APPICON_NAME = AppIcon;
				ASSETCATALOG_COMPILER_GLOBAL_ACCENT_COLOR_NAME = AccentColor;
				CODE_SIGN_ENTITLEMENTS = ToBeCited/ToBeCited.entitlements;
				CODE_SIGN_STYLE = Automatic;
				CURRENT_PROJECT_VERSION = 7;
				DEVELOPMENT_ASSET_PATHS = "\"ToBeCited/Preview Content\"";
				DEVELOPMENT_TEAM = U8VSJXRJTQ;
				ENABLE_PREVIEWS = YES;
				GENERATE_INFOPLIST_FILE = YES;
				INFOPLIST_FILE = ToBeCited/Info.plist;
				INFOPLIST_KEY_LSApplicationCategoryType = "public.app-category.productivity";
				INFOPLIST_KEY_LSSupportsOpeningDocumentsInPlace = YES;
				INFOPLIST_KEY_UIApplicationSupportsIndirectInputEvents = YES;
				INFOPLIST_KEY_UILaunchScreen_Generation = YES;
				INFOPLIST_KEY_UISupportedInterfaceOrientations = "UIInterfaceOrientationPortrait UIInterfaceOrientationLandscapeLeft UIInterfaceOrientationLandscapeRight";
				INFOPLIST_KEY_UISupportedInterfaceOrientations_iPad = "UIInterfaceOrientationPortrait UIInterfaceOrientationPortraitUpsideDown UIInterfaceOrientationLandscapeLeft UIInterfaceOrientationLandscapeRight";
				INFOPLIST_KEY_UISupportedInterfaceOrientations_iPhone = "UIInterfaceOrientationPortrait UIInterfaceOrientationLandscapeLeft UIInterfaceOrientationLandscapeRight";
				IPHONEOS_DEPLOYMENT_TARGET = 18.0;
				LD_RUNPATH_SEARCH_PATHS = (
					"$(inherited)",
					"@executable_path/Frameworks",
				);
				MARKETING_VERSION = 1.6;
				PRODUCT_BUNDLE_IDENTIFIER = com.resonance.jlee.tobecited;
				PRODUCT_NAME = "$(TARGET_NAME)";
				SUPPORTED_PLATFORMS = "iphoneos iphonesimulator";
				SUPPORTS_MACCATALYST = NO;
				SUPPORTS_MAC_DESIGNED_FOR_IPHONE_IPAD = YES;
				SWIFT_EMIT_LOC_STRINGS = YES;
				SWIFT_STRICT_CONCURRENCY = complete;
				SWIFT_VERSION = 5.0;
				TARGETED_DEVICE_FAMILY = "1,2";
			};
			name = Release;
		};
		90EDF34A271C85BF0097F0E0 /* Debug */ = {
			isa = XCBuildConfiguration;
			buildSettings = {
				BUNDLE_LOADER = "$(TEST_HOST)";
				CODE_SIGN_STYLE = Automatic;
				CURRENT_PROJECT_VERSION = 1;
				DEVELOPMENT_TEAM = U8VSJXRJTQ;
				GENERATE_INFOPLIST_FILE = YES;
				IPHONEOS_DEPLOYMENT_TARGET = 14.0;
				LD_RUNPATH_SEARCH_PATHS = (
					"$(inherited)",
					"@executable_path/Frameworks",
					"@loader_path/Frameworks",
				);
				MARKETING_VERSION = 1.0;
				PRODUCT_BUNDLE_IDENTIFIER = com.resonance.jlee.ToBeCitedTests;
				PRODUCT_NAME = "$(TARGET_NAME)";
				SWIFT_EMIT_LOC_STRINGS = NO;
				SWIFT_VERSION = 5.0;
				TARGETED_DEVICE_FAMILY = "1,2";
				TEST_HOST = "$(BUILT_PRODUCTS_DIR)/ToBeCited.app/ToBeCited";
			};
			name = Debug;
		};
		90EDF34B271C85BF0097F0E0 /* Release */ = {
			isa = XCBuildConfiguration;
			buildSettings = {
				BUNDLE_LOADER = "$(TEST_HOST)";
				CODE_SIGN_STYLE = Automatic;
				CURRENT_PROJECT_VERSION = 1;
				DEVELOPMENT_TEAM = U8VSJXRJTQ;
				GENERATE_INFOPLIST_FILE = YES;
				IPHONEOS_DEPLOYMENT_TARGET = 14.0;
				LD_RUNPATH_SEARCH_PATHS = (
					"$(inherited)",
					"@executable_path/Frameworks",
					"@loader_path/Frameworks",
				);
				MARKETING_VERSION = 1.0;
				PRODUCT_BUNDLE_IDENTIFIER = com.resonance.jlee.ToBeCitedTests;
				PRODUCT_NAME = "$(TARGET_NAME)";
				SWIFT_EMIT_LOC_STRINGS = NO;
				SWIFT_VERSION = 5.0;
				TARGETED_DEVICE_FAMILY = "1,2";
				TEST_HOST = "$(BUILT_PRODUCTS_DIR)/ToBeCited.app/ToBeCited";
			};
			name = Release;
		};
		90EDF34D271C85BF0097F0E0 /* Debug */ = {
			isa = XCBuildConfiguration;
			buildSettings = {
				CODE_SIGN_STYLE = Automatic;
				CURRENT_PROJECT_VERSION = 1;
				DEVELOPMENT_TEAM = U8VSJXRJTQ;
				GENERATE_INFOPLIST_FILE = YES;
				LD_RUNPATH_SEARCH_PATHS = (
					"$(inherited)",
					"@executable_path/Frameworks",
					"@loader_path/Frameworks",
				);
				MARKETING_VERSION = 1.0;
				PRODUCT_BUNDLE_IDENTIFIER = com.resonance.jlee.ToBeCitedUITests;
				PRODUCT_NAME = "$(TARGET_NAME)";
				SWIFT_EMIT_LOC_STRINGS = NO;
				SWIFT_VERSION = 5.0;
				TARGETED_DEVICE_FAMILY = "1,2";
				TEST_TARGET_NAME = ToBeCited;
			};
			name = Debug;
		};
		90EDF34E271C85BF0097F0E0 /* Release */ = {
			isa = XCBuildConfiguration;
			buildSettings = {
				CODE_SIGN_STYLE = Automatic;
				CURRENT_PROJECT_VERSION = 1;
				DEVELOPMENT_TEAM = U8VSJXRJTQ;
				GENERATE_INFOPLIST_FILE = YES;
				LD_RUNPATH_SEARCH_PATHS = (
					"$(inherited)",
					"@executable_path/Frameworks",
					"@loader_path/Frameworks",
				);
				MARKETING_VERSION = 1.0;
				PRODUCT_BUNDLE_IDENTIFIER = com.resonance.jlee.ToBeCitedUITests;
				PRODUCT_NAME = "$(TARGET_NAME)";
				SWIFT_EMIT_LOC_STRINGS = NO;
				SWIFT_VERSION = 5.0;
				TARGETED_DEVICE_FAMILY = "1,2";
				TEST_TARGET_NAME = ToBeCited;
			};
			name = Release;
		};
/* End XCBuildConfiguration section */

/* Begin XCConfigurationList section */
		90EDF318271C85BD0097F0E0 /* Build configuration list for PBXProject "ToBeCited" */ = {
			isa = XCConfigurationList;
			buildConfigurations = (
				90EDF344271C85BF0097F0E0 /* Debug */,
				90EDF345271C85BF0097F0E0 /* Release */,
			);
			defaultConfigurationIsVisible = 0;
			defaultConfigurationName = Release;
		};
		90EDF346271C85BF0097F0E0 /* Build configuration list for PBXNativeTarget "ToBeCited" */ = {
			isa = XCConfigurationList;
			buildConfigurations = (
				90EDF347271C85BF0097F0E0 /* Debug */,
				90EDF348271C85BF0097F0E0 /* Release */,
			);
			defaultConfigurationIsVisible = 0;
			defaultConfigurationName = Release;
		};
		90EDF349271C85BF0097F0E0 /* Build configuration list for PBXNativeTarget "ToBeCitedTests" */ = {
			isa = XCConfigurationList;
			buildConfigurations = (
				90EDF34A271C85BF0097F0E0 /* Debug */,
				90EDF34B271C85BF0097F0E0 /* Release */,
			);
			defaultConfigurationIsVisible = 0;
			defaultConfigurationName = Release;
		};
		90EDF34C271C85BF0097F0E0 /* Build configuration list for PBXNativeTarget "ToBeCitedUITests" */ = {
			isa = XCConfigurationList;
			buildConfigurations = (
				90EDF34D271C85BF0097F0E0 /* Debug */,
				90EDF34E271C85BF0097F0E0 /* Release */,
			);
			defaultConfigurationIsVisible = 0;
			defaultConfigurationName = Release;
		};
/* End XCConfigurationList section */

/* Begin XCRemoteSwiftPackageReference section */
		903F1C8F284EC47F00F93982 /* XCRemoteSwiftPackageReference "PersistenceSwift" */ = {
			isa = XCRemoteSwiftPackageReference;
			repositoryURL = "https://github.com/jaeseung16/PersistenceSwift";
			requirement = {
				kind = exactVersion;
				version = 0.2.12;
			};
		};
/* End XCRemoteSwiftPackageReference section */

/* Begin XCSwiftPackageProductDependency section */
		903F1C90284EC47F00F93982 /* Persistence */ = {
			isa = XCSwiftPackageProductDependency;
			package = 903F1C8F284EC47F00F93982 /* XCRemoteSwiftPackageReference "PersistenceSwift" */;
			productName = Persistence;
		};
/* End XCSwiftPackageProductDependency section */

/* Begin XCVersionGroup section */
		90EDF32B271C85BF0097F0E0 /* ToBeCited.xcdatamodeld */ = {
			isa = XCVersionGroup;
			children = (
				90EDF32C271C85BF0097F0E0 /* ToBeCited.xcdatamodel */,
			);
			currentVersion = 90EDF32C271C85BF0097F0E0 /* ToBeCited.xcdatamodel */;
			path = ToBeCited.xcdatamodeld;
			sourceTree = "<group>";
			versionGroupType = wrapper.xcdatamodel;
		};
/* End XCVersionGroup section */
	};
	rootObject = 90EDF315271C85BD0097F0E0 /* Project object */;
}
