// !$*UTF8*$!
{
	archiveVersion = 1;
	classes = {
	};
	objectVersion = 55;
	objects = {

/* Begin PBXBuildFile section */
		9009B6712720B19F0023C316 /* PDFFilePickerViewController.swift in Sources */ = {isa = PBXBuildFile; fileRef = 9009B6702720B19F0023C316 /* PDFFilePickerViewController.swift */; };
		9009B6732720B31A0023C316 /* PDFKitView.swift in Sources */ = {isa = PBXBuildFile; fileRef = 9009B6722720B31A0023C316 /* PDFKitView.swift */; };
		9009B6752720B8220023C316 /* AddAbstractView.swift in Sources */ = {isa = PBXBuildFile; fileRef = 9009B6742720B8220023C316 /* AddAbstractView.swift */; };
		9009B6772720CF080023C316 /* ShareActivityView.swift in Sources */ = {isa = PBXBuildFile; fileRef = 9009B6762720CF080023C316 /* ShareActivityView.swift */; };
		9009B6792721FB640023C316 /* AuthorMergeView.swift in Sources */ = {isa = PBXBuildFile; fileRef = 9009B6782721FB640023C316 /* AuthorMergeView.swift */; };
		90B62043271E06BE005D0FEA /* RISReferenceType.swift in Sources */ = {isa = PBXBuildFile; fileRef = 90B62040271E06BE005D0FEA /* RISReferenceType.swift */; };
		90B62044271E06BE005D0FEA /* RISTag.swift in Sources */ = {isa = PBXBuildFile; fileRef = 90B62041271E06BE005D0FEA /* RISTag.swift */; };
		90B62045271E06BE005D0FEA /* RISRecord.swift in Sources */ = {isa = PBXBuildFile; fileRef = 90B62042271E06BE005D0FEA /* RISRecord.swift */; };
		90B62047271E06D4005D0FEA /* RISParser.swift in Sources */ = {isa = PBXBuildFile; fileRef = 90B62046271E06D4005D0FEA /* RISParser.swift */; };
		90B62049271E07BE005D0FEA /* AddRISView.swift in Sources */ = {isa = PBXBuildFile; fileRef = 90B62048271E07BE005D0FEA /* AddRISView.swift */; };
		90B6204B271E0B92005D0FEA /* RISFilePickerViewController.swift in Sources */ = {isa = PBXBuildFile; fileRef = 90B6204A271E0B92005D0FEA /* RISFilePickerViewController.swift */; };
		90B6204D271E2C96005D0FEA /* RISWriter.swift in Sources */ = {isa = PBXBuildFile; fileRef = 90B6204C271E2C96005D0FEA /* RISWriter.swift */; };
		90EDF321271C85BD0097F0E0 /* ToBeCitedApp.swift in Sources */ = {isa = PBXBuildFile; fileRef = 90EDF320271C85BD0097F0E0 /* ToBeCitedApp.swift */; };
		90EDF323271C85BD0097F0E0 /* ContentView.swift in Sources */ = {isa = PBXBuildFile; fileRef = 90EDF322271C85BD0097F0E0 /* ContentView.swift */; };
		90EDF325271C85BE0097F0E0 /* Assets.xcassets in Resources */ = {isa = PBXBuildFile; fileRef = 90EDF324271C85BE0097F0E0 /* Assets.xcassets */; };
		90EDF328271C85BF0097F0E0 /* Preview Assets.xcassets in Resources */ = {isa = PBXBuildFile; fileRef = 90EDF327271C85BF0097F0E0 /* Preview Assets.xcassets */; };
		90EDF32A271C85BF0097F0E0 /* Persistence.swift in Sources */ = {isa = PBXBuildFile; fileRef = 90EDF329271C85BF0097F0E0 /* Persistence.swift */; };
		90EDF32D271C85BF0097F0E0 /* ToBeCited.xcdatamodeld in Sources */ = {isa = PBXBuildFile; fileRef = 90EDF32B271C85BF0097F0E0 /* ToBeCited.xcdatamodeld */; };
		90EDF337271C85BF0097F0E0 /* ToBeCitedTests.swift in Sources */ = {isa = PBXBuildFile; fileRef = 90EDF336271C85BF0097F0E0 /* ToBeCitedTests.swift */; };
		90EDF341271C85BF0097F0E0 /* ToBeCitedUITests.swift in Sources */ = {isa = PBXBuildFile; fileRef = 90EDF340271C85BF0097F0E0 /* ToBeCitedUITests.swift */; };
		90EDF343271C85BF0097F0E0 /* ToBeCitedUITestsLaunchTests.swift in Sources */ = {isa = PBXBuildFile; fileRef = 90EDF342271C85BF0097F0E0 /* ToBeCitedUITestsLaunchTests.swift */; };
		90EDF350271CA3110097F0E0 /* AddArticleView.swift in Sources */ = {isa = PBXBuildFile; fileRef = 90EDF34F271CA3110097F0E0 /* AddArticleView.swift */; };
		90FE9771271F68A1002A75C3 /* ArticleDetailView.swift in Sources */ = {isa = PBXBuildFile; fileRef = 90FE9770271F68A1002A75C3 /* ArticleDetailView.swift */; };
		90FE9773271F7E62002A75C3 /* AuthorDetailView.swift in Sources */ = {isa = PBXBuildFile; fileRef = 90FE9772271F7E62002A75C3 /* AuthorDetailView.swift */; };
/* End PBXBuildFile section */

/* Begin PBXContainerItemProxy section */
		90EDF333271C85BF0097F0E0 /* PBXContainerItemProxy */ = {
			isa = PBXContainerItemProxy;
			containerPortal = 90EDF315271C85BD0097F0E0 /* Project object */;
			proxyType = 1;
			remoteGlobalIDString = 90EDF31C271C85BD0097F0E0;
			remoteInfo = ToBeCited;
		};
		90EDF33D271C85BF0097F0E0 /* PBXContainerItemProxy */ = {
			isa = PBXContainerItemProxy;
			containerPortal = 90EDF315271C85BD0097F0E0 /* Project object */;
			proxyType = 1;
			remoteGlobalIDString = 90EDF31C271C85BD0097F0E0;
			remoteInfo = ToBeCited;
		};
/* End PBXContainerItemProxy section */

/* Begin PBXFileReference section */
		9009B6702720B19F0023C316 /* PDFFilePickerViewController.swift */ = {isa = PBXFileReference; lastKnownFileType = sourcecode.swift; path = PDFFilePickerViewController.swift; sourceTree = "<group>"; };
		9009B6722720B31A0023C316 /* PDFKitView.swift */ = {isa = PBXFileReference; lastKnownFileType = sourcecode.swift; path = PDFKitView.swift; sourceTree = "<group>"; };
		9009B6742720B8220023C316 /* AddAbstractView.swift */ = {isa = PBXFileReference; lastKnownFileType = sourcecode.swift; path = AddAbstractView.swift; sourceTree = "<group>"; };
		9009B6762720CF080023C316 /* ShareActivityView.swift */ = {isa = PBXFileReference; fileEncoding = 4; lastKnownFileType = sourcecode.swift; path = ShareActivityView.swift; sourceTree = "<group>"; };
		9009B6782721FB640023C316 /* AuthorMergeView.swift */ = {isa = PBXFileReference; lastKnownFileType = sourcecode.swift; path = AuthorMergeView.swift; sourceTree = "<group>"; };
		90B62040271E06BE005D0FEA /* RISReferenceType.swift */ = {isa = PBXFileReference; fileEncoding = 4; lastKnownFileType = sourcecode.swift; path = RISReferenceType.swift; sourceTree = "<group>"; };
		90B62041271E06BE005D0FEA /* RISTag.swift */ = {isa = PBXFileReference; fileEncoding = 4; lastKnownFileType = sourcecode.swift; path = RISTag.swift; sourceTree = "<group>"; };
		90B62042271E06BE005D0FEA /* RISRecord.swift */ = {isa = PBXFileReference; fileEncoding = 4; lastKnownFileType = sourcecode.swift; path = RISRecord.swift; sourceTree = "<group>"; };
		90B62046271E06D4005D0FEA /* RISParser.swift */ = {isa = PBXFileReference; lastKnownFileType = sourcecode.swift; path = RISParser.swift; sourceTree = "<group>"; };
		90B62048271E07BE005D0FEA /* AddRISView.swift */ = {isa = PBXFileReference; lastKnownFileType = sourcecode.swift; path = AddRISView.swift; sourceTree = "<group>"; };
		90B6204A271E0B92005D0FEA /* RISFilePickerViewController.swift */ = {isa = PBXFileReference; lastKnownFileType = sourcecode.swift; path = RISFilePickerViewController.swift; sourceTree = "<group>"; };
		90B6204C271E2C96005D0FEA /* RISWriter.swift */ = {isa = PBXFileReference; lastKnownFileType = sourcecode.swift; path = RISWriter.swift; sourceTree = "<group>"; };
		90EDF31D271C85BD0097F0E0 /* ToBeCited.app */ = {isa = PBXFileReference; explicitFileType = wrapper.application; includeInIndex = 0; path = ToBeCited.app; sourceTree = BUILT_PRODUCTS_DIR; };
		90EDF320271C85BD0097F0E0 /* ToBeCitedApp.swift */ = {isa = PBXFileReference; lastKnownFileType = sourcecode.swift; path = ToBeCitedApp.swift; sourceTree = "<group>"; };
		90EDF322271C85BD0097F0E0 /* ContentView.swift */ = {isa = PBXFileReference; lastKnownFileType = sourcecode.swift; path = ContentView.swift; sourceTree = "<group>"; };
		90EDF324271C85BE0097F0E0 /* Assets.xcassets */ = {isa = PBXFileReference; lastKnownFileType = folder.assetcatalog; path = Assets.xcassets; sourceTree = "<group>"; };
		90EDF327271C85BF0097F0E0 /* Preview Assets.xcassets */ = {isa = PBXFileReference; lastKnownFileType = folder.assetcatalog; path = "Preview Assets.xcassets"; sourceTree = "<group>"; };
		90EDF329271C85BF0097F0E0 /* Persistence.swift */ = {isa = PBXFileReference; lastKnownFileType = sourcecode.swift; path = Persistence.swift; sourceTree = "<group>"; };
		90EDF32C271C85BF0097F0E0 /* ToBeCited.xcdatamodel */ = {isa = PBXFileReference; lastKnownFileType = wrapper.xcdatamodel; path = ToBeCited.xcdatamodel; sourceTree = "<group>"; };
		90EDF332271C85BF0097F0E0 /* ToBeCitedTests.xctest */ = {isa = PBXFileReference; explicitFileType = wrapper.cfbundle; includeInIndex = 0; path = ToBeCitedTests.xctest; sourceTree = BUILT_PRODUCTS_DIR; };
		90EDF336271C85BF0097F0E0 /* ToBeCitedTests.swift */ = {isa = PBXFileReference; lastKnownFileType = sourcecode.swift; path = ToBeCitedTests.swift; sourceTree = "<group>"; };
		90EDF33C271C85BF0097F0E0 /* ToBeCitedUITests.xctest */ = {isa = PBXFileReference; explicitFileType = wrapper.cfbundle; includeInIndex = 0; path = ToBeCitedUITests.xctest; sourceTree = BUILT_PRODUCTS_DIR; };
		90EDF340271C85BF0097F0E0 /* ToBeCitedUITests.swift */ = {isa = PBXFileReference; lastKnownFileType = sourcecode.swift; path = ToBeCitedUITests.swift; sourceTree = "<group>"; };
		90EDF342271C85BF0097F0E0 /* ToBeCitedUITestsLaunchTests.swift */ = {isa = PBXFileReference; lastKnownFileType = sourcecode.swift; path = ToBeCitedUITestsLaunchTests.swift; sourceTree = "<group>"; };
		90EDF34F271CA3110097F0E0 /* AddArticleView.swift */ = {isa = PBXFileReference; lastKnownFileType = sourcecode.swift; path = AddArticleView.swift; sourceTree = "<group>"; };
		90EDF352271CFC0B0097F0E0 /* ToBeCited.entitlements */ = {isa = PBXFileReference; lastKnownFileType = text.plist.entitlements; path = ToBeCited.entitlements; sourceTree = "<group>"; };
		90FE9770271F68A1002A75C3 /* ArticleDetailView.swift */ = {isa = PBXFileReference; lastKnownFileType = sourcecode.swift; path = ArticleDetailView.swift; sourceTree = "<group>"; };
		90FE9772271F7E62002A75C3 /* AuthorDetailView.swift */ = {isa = PBXFileReference; lastKnownFileType = sourcecode.swift; path = AuthorDetailView.swift; sourceTree = "<group>"; };
/* End PBXFileReference section */

/* Begin PBXFrameworksBuildPhase section */
		90EDF31A271C85BD0097F0E0 /* Frameworks */ = {
			isa = PBXFrameworksBuildPhase;
			buildActionMask = 2147483647;
			files = (
			);
			runOnlyForDeploymentPostprocessing = 0;
		};
		90EDF32F271C85BF0097F0E0 /* Frameworks */ = {
			isa = PBXFrameworksBuildPhase;
			buildActionMask = 2147483647;
			files = (
			);
			runOnlyForDeploymentPostprocessing = 0;
		};
		90EDF339271C85BF0097F0E0 /* Frameworks */ = {
			isa = PBXFrameworksBuildPhase;
			buildActionMask = 2147483647;
			files = (
			);
			runOnlyForDeploymentPostprocessing = 0;
		};
/* End PBXFrameworksBuildPhase section */

/* Begin PBXGroup section */
		90B6203F271E06AB005D0FEA /* RISParser */ = {
			isa = PBXGroup;
			children = (
				90B62042271E06BE005D0FEA /* RISRecord.swift */,
				90B62040271E06BE005D0FEA /* RISReferenceType.swift */,
				90B62041271E06BE005D0FEA /* RISTag.swift */,
				90B62046271E06D4005D0FEA /* RISParser.swift */,
				90B6204C271E2C96005D0FEA /* RISWriter.swift */,
			);
			path = RISParser;
			sourceTree = "<group>";
		};
		90D89A602724C6280079EBD2 /* Article */ = {
			isa = PBXGroup;
			children = (
				90EDF34F271CA3110097F0E0 /* AddArticleView.swift */,
				90B62048271E07BE005D0FEA /* AddRISView.swift */,
				9009B6742720B8220023C316 /* AddAbstractView.swift */,
				90FE9770271F68A1002A75C3 /* ArticleDetailView.swift */,
				90B6204A271E0B92005D0FEA /* RISFilePickerViewController.swift */,
				9009B6702720B19F0023C316 /* PDFFilePickerViewController.swift */,
				9009B6722720B31A0023C316 /* PDFKitView.swift */,
			);
			path = Article;
			sourceTree = "<group>";
		};
		90D89A612724C6420079EBD2 /* Author */ = {
			isa = PBXGroup;
			children = (
				90FE9772271F7E62002A75C3 /* AuthorDetailView.swift */,
				9009B6782721FB640023C316 /* AuthorMergeView.swift */,
			);
			path = Author;
			sourceTree = "<group>";
		};
		90EDF314271C85BD0097F0E0 = {
			isa = PBXGroup;
			children = (
				90EDF31F271C85BD0097F0E0 /* ToBeCited */,
				90EDF335271C85BF0097F0E0 /* ToBeCitedTests */,
				90EDF33F271C85BF0097F0E0 /* ToBeCitedUITests */,
				90EDF31E271C85BD0097F0E0 /* Products */,
			);
			sourceTree = "<group>";
		};
		90EDF31E271C85BD0097F0E0 /* Products */ = {
			isa = PBXGroup;
			children = (
				90EDF31D271C85BD0097F0E0 /* ToBeCited.app */,
				90EDF332271C85BF0097F0E0 /* ToBeCitedTests.xctest */,
				90EDF33C271C85BF0097F0E0 /* ToBeCitedUITests.xctest */,
			);
			name = Products;
			sourceTree = "<group>";
		};
		90EDF31F271C85BD0097F0E0 /* ToBeCited */ = {
			isa = PBXGroup;
			children = (
				90B6203F271E06AB005D0FEA /* RISParser */,
				90EDF352271CFC0B0097F0E0 /* ToBeCited.entitlements */,
				90EDF351271CA3160097F0E0 /* Views */,
				90EDF320271C85BD0097F0E0 /* ToBeCitedApp.swift */,
				90EDF322271C85BD0097F0E0 /* ContentView.swift */,
				90EDF324271C85BE0097F0E0 /* Assets.xcassets */,
				90EDF329271C85BF0097F0E0 /* Persistence.swift */,
				90EDF32B271C85BF0097F0E0 /* ToBeCited.xcdatamodeld */,
				90EDF326271C85BF0097F0E0 /* Preview Content */,
			);
			path = ToBeCited;
			sourceTree = "<group>";
		};
		90EDF326271C85BF0097F0E0 /* Preview Content */ = {
			isa = PBXGroup;
			children = (
				90EDF327271C85BF0097F0E0 /* Preview Assets.xcassets */,
			);
			path = "Preview Content";
			sourceTree = "<group>";
		};
		90EDF335271C85BF0097F0E0 /* ToBeCitedTests */ = {
			isa = PBXGroup;
			children = (
				90EDF336271C85BF0097F0E0 /* ToBeCitedTests.swift */,
			);
			path = ToBeCitedTests;
			sourceTree = "<group>";
		};
		90EDF33F271C85BF0097F0E0 /* ToBeCitedUITests */ = {
			isa = PBXGroup;
			children = (
				90EDF340271C85BF0097F0E0 /* ToBeCitedUITests.swift */,
				90EDF342271C85BF0097F0E0 /* ToBeCitedUITestsLaunchTests.swift */,
			);
			path = ToBeCitedUITests;
			sourceTree = "<group>";
		};
		90EDF351271CA3160097F0E0 /* Views */ = {
			isa = PBXGroup;
			children = (
				90D89A612724C6420079EBD2 /* Author */,
				90D89A602724C6280079EBD2 /* Article */,
				9009B6762720CF080023C316 /* ShareActivityView.swift */,
			);
			path = Views;
			sourceTree = "<group>";
		};
/* End PBXGroup section */

/* Begin PBXNativeTarget section */
		90EDF31C271C85BD0097F0E0 /* ToBeCited */ = {
			isa = PBXNativeTarget;
			buildConfigurationList = 90EDF346271C85BF0097F0E0 /* Build configuration list for PBXNativeTarget "ToBeCited" */;
			buildPhases = (
				90EDF319271C85BD0097F0E0 /* Sources */,
				90EDF31A271C85BD0097F0E0 /* Frameworks */,
				90EDF31B271C85BD0097F0E0 /* Resources */,
			);
			buildRules = (
			);
			dependencies = (
			);
			name = ToBeCited;
			productName = ToBeCited;
			productReference = 90EDF31D271C85BD0097F0E0 /* ToBeCited.app */;
			productType = "com.apple.product-type.application";
		};
		90EDF331271C85BF0097F0E0 /* ToBeCitedTests */ = {
			isa = PBXNativeTarget;
			buildConfigurationList = 90EDF349271C85BF0097F0E0 /* Build configuration list for PBXNativeTarget "ToBeCitedTests" */;
			buildPhases = (
				90EDF32E271C85BF0097F0E0 /* Sources */,
				90EDF32F271C85BF0097F0E0 /* Frameworks */,
				90EDF330271C85BF0097F0E0 /* Resources */,
			);
			buildRules = (
			);
			dependencies = (
				90EDF334271C85BF0097F0E0 /* PBXTargetDependency */,
			);
			name = ToBeCitedTests;
			productName = ToBeCitedTests;
			productReference = 90EDF332271C85BF0097F0E0 /* ToBeCitedTests.xctest */;
			productType = "com.apple.product-type.bundle.unit-test";
		};
		90EDF33B271C85BF0097F0E0 /* ToBeCitedUITests */ = {
			isa = PBXNativeTarget;
			buildConfigurationList = 90EDF34C271C85BF0097F0E0 /* Build configuration list for PBXNativeTarget "ToBeCitedUITests" */;
			buildPhases = (
				90EDF338271C85BF0097F0E0 /* Sources */,
				90EDF339271C85BF0097F0E0 /* Frameworks */,
				90EDF33A271C85BF0097F0E0 /* Resources */,
			);
			buildRules = (
			);
			dependencies = (
				90EDF33E271C85BF0097F0E0 /* PBXTargetDependency */,
			);
			name = ToBeCitedUITests;
			productName = ToBeCitedUITests;
			productReference = 90EDF33C271C85BF0097F0E0 /* ToBeCitedUITests.xctest */;
			productType = "com.apple.product-type.bundle.ui-testing";
		};
/* End PBXNativeTarget section */

/* Begin PBXProject section */
		90EDF315271C85BD0097F0E0 /* Project object */ = {
			isa = PBXProject;
			attributes = {
				BuildIndependentTargetsInParallel = 1;
				LastSwiftUpdateCheck = 1300;
				LastUpgradeCheck = 1300;
				TargetAttributes = {
					90EDF31C271C85BD0097F0E0 = {
						CreatedOnToolsVersion = 13.0;
					};
					90EDF331271C85BF0097F0E0 = {
						CreatedOnToolsVersion = 13.0;
						TestTargetID = 90EDF31C271C85BD0097F0E0;
					};
					90EDF33B271C85BF0097F0E0 = {
						CreatedOnToolsVersion = 13.0;
						TestTargetID = 90EDF31C271C85BD0097F0E0;
					};
				};
			};
			buildConfigurationList = 90EDF318271C85BD0097F0E0 /* Build configuration list for PBXProject "ToBeCited" */;
			compatibilityVersion = "Xcode 13.0";
			developmentRegion = en;
			hasScannedForEncodings = 0;
			knownRegions = (
				en,
				Base,
			);
			mainGroup = 90EDF314271C85BD0097F0E0;
			productRefGroup = 90EDF31E271C85BD0097F0E0 /* Products */;
			projectDirPath = "";
			projectRoot = "";
			targets = (
				90EDF31C271C85BD0097F0E0 /* ToBeCited */,
				90EDF331271C85BF0097F0E0 /* ToBeCitedTests */,
				90EDF33B271C85BF0097F0E0 /* ToBeCitedUITests */,
			);
		};
/* End PBXProject section */

/* Begin PBXResourcesBuildPhase section */
		90EDF31B271C85BD0097F0E0 /* Resources */ = {
			isa = PBXResourcesBuildPhase;
			buildActionMask = 2147483647;
			files = (
				90EDF328271C85BF0097F0E0 /* Preview Assets.xcassets in Resources */,
				90EDF325271C85BE0097F0E0 /* Assets.xcassets in Resources */,
			);
			runOnlyForDeploymentPostprocessing = 0;
		};
		90EDF330271C85BF0097F0E0 /* Resources */ = {
			isa = PBXResourcesBuildPhase;
			buildActionMask = 2147483647;
			files = (
			);
			runOnlyForDeploymentPostprocessing = 0;
		};
		90EDF33A271C85BF0097F0E0 /* Resources */ = {
			isa = PBXResourcesBuildPhase;
			buildActionMask = 2147483647;
			files = (
			);
			runOnlyForDeploymentPostprocessing = 0;
		};
/* End PBXResourcesBuildPhase section */

/* Begin PBXSourcesBuildPhase section */
		90EDF319271C85BD0097F0E0 /* Sources */ = {
			isa = PBXSourcesBuildPhase;
			buildActionMask = 2147483647;
			files = (
				90EDF32A271C85BF0097F0E0 /* Persistence.swift in Sources */,
				90FE9771271F68A1002A75C3 /* ArticleDetailView.swift in Sources */,
				90EDF32D271C85BF0097F0E0 /* ToBeCited.xcdatamodeld in Sources */,
				90EDF350271CA3110097F0E0 /* AddArticleView.swift in Sources */,
				90B62047271E06D4005D0FEA /* RISParser.swift in Sources */,
				9009B6772720CF080023C316 /* ShareActivityView.swift in Sources */,
				9009B6712720B19F0023C316 /* PDFFilePickerViewController.swift in Sources */,
				90EDF323271C85BD0097F0E0 /* ContentView.swift in Sources */,
				90B62043271E06BE005D0FEA /* RISReferenceType.swift in Sources */,
				9009B6732720B31A0023C316 /* PDFKitView.swift in Sources */,
				90EDF321271C85BD0097F0E0 /* ToBeCitedApp.swift in Sources */,
				90B62044271E06BE005D0FEA /* RISTag.swift in Sources */,
				9009B6752720B8220023C316 /* AddAbstractView.swift in Sources */,
				90B62045271E06BE005D0FEA /* RISRecord.swift in Sources */,
				90B6204D271E2C96005D0FEA /* RISWriter.swift in Sources */,
				90B62049271E07BE005D0FEA /* AddRISView.swift in Sources */,
				90FE9773271F7E62002A75C3 /* AuthorDetailView.swift in Sources */,
				90B6204B271E0B92005D0FEA /* RISFilePickerViewController.swift in Sources */,
				9009B6792721FB640023C316 /* AuthorMergeView.swift in Sources */,
			);
			runOnlyForDeploymentPostprocessing = 0;
		};
		90EDF32E271C85BF0097F0E0 /* Sources */ = {
			isa = PBXSourcesBuildPhase;
			buildActionMask = 2147483647;
			files = (
				90EDF337271C85BF0097F0E0 /* ToBeCitedTests.swift in Sources */,
			);
			runOnlyForDeploymentPostprocessing = 0;
		};
		90EDF338271C85BF0097F0E0 /* Sources */ = {
			isa = PBXSourcesBuildPhase;
			buildActionMask = 2147483647;
			files = (
				90EDF343271C85BF0097F0E0 /* ToBeCitedUITestsLaunchTests.swift in Sources */,
				90EDF341271C85BF0097F0E0 /* ToBeCitedUITests.swift in Sources */,
			);
			runOnlyForDeploymentPostprocessing = 0;
		};
/* End PBXSourcesBuildPhase section */

/* Begin PBXTargetDependency section */
		90EDF334271C85BF0097F0E0 /* PBXTargetDependency */ = {
			isa = PBXTargetDependency;
			target = 90EDF31C271C85BD0097F0E0 /* ToBeCited */;
			targetProxy = 90EDF333271C85BF0097F0E0 /* PBXContainerItemProxy */;
		};
		90EDF33E271C85BF0097F0E0 /* PBXTargetDependency */ = {
			isa = PBXTargetDependency;
			target = 90EDF31C271C85BD0097F0E0 /* ToBeCited */;
			targetProxy = 90EDF33D271C85BF0097F0E0 /* PBXContainerItemProxy */;
		};
/* End PBXTargetDependency section */

/* Begin XCBuildConfiguration section */
		90EDF344271C85BF0097F0E0 /* Debug */ = {
			isa = XCBuildConfiguration;
			buildSettings = {
				ALWAYS_SEARCH_USER_PATHS = NO;
				CLANG_ANALYZER_NONNULL = YES;
				CLANG_ANALYZER_NUMBER_OBJECT_CONVERSION = YES_AGGRESSIVE;
				CLANG_CXX_LANGUAGE_STANDARD = "gnu++17";
				CLANG_CXX_LIBRARY = "libc++";
				CLANG_ENABLE_MODULES = YES;
				CLANG_ENABLE_OBJC_ARC = YES;
				CLANG_ENABLE_OBJC_WEAK = YES;
				CLANG_WARN_BLOCK_CAPTURE_AUTORELEASING = YES;
				CLANG_WARN_BOOL_CONVERSION = YES;
				CLANG_WARN_COMMA = YES;
				CLANG_WARN_CONSTANT_CONVERSION = YES;
				CLANG_WARN_DEPRECATED_OBJC_IMPLEMENTATIONS = YES;
				CLANG_WARN_DIRECT_OBJC_ISA_USAGE = YES_ERROR;
				CLANG_WARN_DOCUMENTATION_COMMENTS = YES;
				CLANG_WARN_EMPTY_BODY = YES;
				CLANG_WARN_ENUM_CONVERSION = YES;
				CLANG_WARN_INFINITE_RECURSION = YES;
				CLANG_WARN_INT_CONVERSION = YES;
				CLANG_WARN_NON_LITERAL_NULL_CONVERSION = YES;
				CLANG_WARN_OBJC_IMPLICIT_RETAIN_SELF = YES;
				CLANG_WARN_OBJC_LITERAL_CONVERSION = YES;
				CLANG_WARN_OBJC_ROOT_CLASS = YES_ERROR;
				CLANG_WARN_QUOTED_INCLUDE_IN_FRAMEWORK_HEADER = YES;
				CLANG_WARN_RANGE_LOOP_ANALYSIS = YES;
				CLANG_WARN_STRICT_PROTOTYPES = YES;
				CLANG_WARN_SUSPICIOUS_MOVE = YES;
				CLANG_WARN_UNGUARDED_AVAILABILITY = YES_AGGRESSIVE;
				CLANG_WARN_UNREACHABLE_CODE = YES;
				CLANG_WARN__DUPLICATE_METHOD_MATCH = YES;
				COPY_PHASE_STRIP = NO;
				DEBUG_INFORMATION_FORMAT = dwarf;
				ENABLE_STRICT_OBJC_MSGSEND = YES;
				ENABLE_TESTABILITY = YES;
				GCC_C_LANGUAGE_STANDARD = gnu11;
				GCC_DYNAMIC_NO_PIC = NO;
				GCC_NO_COMMON_BLOCKS = YES;
				GCC_OPTIMIZATION_LEVEL = 0;
				GCC_PREPROCESSOR_DEFINITIONS = (
					"DEBUG=1",
					"$(inherited)",
				);
				GCC_WARN_64_TO_32_BIT_CONVERSION = YES;
				GCC_WARN_ABOUT_RETURN_TYPE = YES_ERROR;
				GCC_WARN_UNDECLARED_SELECTOR = YES;
				GCC_WARN_UNINITIALIZED_AUTOS = YES_AGGRESSIVE;
				GCC_WARN_UNUSED_FUNCTION = YES;
				GCC_WARN_UNUSED_VARIABLE = YES;
				IPHONEOS_DEPLOYMENT_TARGET = 15.0;
				MTL_ENABLE_DEBUG_INFO = INCLUDE_SOURCE;
				MTL_FAST_MATH = YES;
				ONLY_ACTIVE_ARCH = YES;
				SDKROOT = iphoneos;
				SWIFT_ACTIVE_COMPILATION_CONDITIONS = DEBUG;
				SWIFT_OPTIMIZATION_LEVEL = "-Onone";
			};
			name = Debug;
		};
		90EDF345271C85BF0097F0E0 /* Release */ = {
			isa = XCBuildConfiguration;
			buildSettings = {
				ALWAYS_SEARCH_USER_PATHS = NO;
				CLANG_ANALYZER_NONNULL = YES;
				CLANG_ANALYZER_NUMBER_OBJECT_CONVERSION = YES_AGGRESSIVE;
				CLANG_CXX_LANGUAGE_STANDARD = "gnu++17";
				CLANG_CXX_LIBRARY = "libc++";
				CLANG_ENABLE_MODULES = YES;
				CLANG_ENABLE_OBJC_ARC = YES;
				CLANG_ENABLE_OBJC_WEAK = YES;
				CLANG_WARN_BLOCK_CAPTURE_AUTORELEASING = YES;
				CLANG_WARN_BOOL_CONVERSION = YES;
				CLANG_WARN_COMMA = YES;
				CLANG_WARN_CONSTANT_CONVERSION = YES;
				CLANG_WARN_DEPRECATED_OBJC_IMPLEMENTATIONS = YES;
				CLANG_WARN_DIRECT_OBJC_ISA_USAGE = YES_ERROR;
				CLANG_WARN_DOCUMENTATION_COMMENTS = YES;
				CLANG_WARN_EMPTY_BODY = YES;
				CLANG_WARN_ENUM_CONVERSION = YES;
				CLANG_WARN_INFINITE_RECURSION = YES;
				CLANG_WARN_INT_CONVERSION = YES;
				CLANG_WARN_NON_LITERAL_NULL_CONVERSION = YES;
				CLANG_WARN_OBJC_IMPLICIT_RETAIN_SELF = YES;
				CLANG_WARN_OBJC_LITERAL_CONVERSION = YES;
				CLANG_WARN_OBJC_ROOT_CLASS = YES_ERROR;
				CLANG_WARN_QUOTED_INCLUDE_IN_FRAMEWORK_HEADER = YES;
				CLANG_WARN_RANGE_LOOP_ANALYSIS = YES;
				CLANG_WARN_STRICT_PROTOTYPES = YES;
				CLANG_WARN_SUSPICIOUS_MOVE = YES;
				CLANG_WARN_UNGUARDED_AVAILABILITY = YES_AGGRESSIVE;
				CLANG_WARN_UNREACHABLE_CODE = YES;
				CLANG_WARN__DUPLICATE_METHOD_MATCH = YES;
				COPY_PHASE_STRIP = NO;
				DEBUG_INFORMATION_FORMAT = "dwarf-with-dsym";
				ENABLE_NS_ASSERTIONS = NO;
				ENABLE_STRICT_OBJC_MSGSEND = YES;
				GCC_C_LANGUAGE_STANDARD = gnu11;
				GCC_NO_COMMON_BLOCKS = YES;
				GCC_WARN_64_TO_32_BIT_CONVERSION = YES;
				GCC_WARN_ABOUT_RETURN_TYPE = YES_ERROR;
				GCC_WARN_UNDECLARED_SELECTOR = YES;
				GCC_WARN_UNINITIALIZED_AUTOS = YES_AGGRESSIVE;
				GCC_WARN_UNUSED_FUNCTION = YES;
				GCC_WARN_UNUSED_VARIABLE = YES;
				IPHONEOS_DEPLOYMENT_TARGET = 15.0;
				MTL_ENABLE_DEBUG_INFO = NO;
				MTL_FAST_MATH = YES;
				SDKROOT = iphoneos;
				SWIFT_COMPILATION_MODE = wholemodule;
				SWIFT_OPTIMIZATION_LEVEL = "-O";
				VALIDATE_PRODUCT = YES;
			};
			name = Release;
		};
		90EDF347271C85BF0097F0E0 /* Debug */ = {
			isa = XCBuildConfiguration;
			buildSettings = {
				ASSETCATALOG_COMPILER_APPICON_NAME = AppIcon;
				ASSETCATALOG_COMPILER_GLOBAL_ACCENT_COLOR_NAME = AccentColor;
				CODE_SIGN_ENTITLEMENTS = ToBeCited/ToBeCited.entitlements;
				CODE_SIGN_STYLE = Automatic;
				CURRENT_PROJECT_VERSION = 1;
				DEVELOPMENT_ASSET_PATHS = "\"ToBeCited/Preview Content\"";
				DEVELOPMENT_TEAM = U8VSJXRJTQ;
				ENABLE_PREVIEWS = YES;
				GENERATE_INFOPLIST_FILE = YES;
				INFOPLIST_KEY_UIApplicationSceneManifest_Generation = YES;
				INFOPLIST_KEY_UIApplicationSupportsIndirectInputEvents = YES;
				INFOPLIST_KEY_UILaunchScreen_Generation = YES;
				INFOPLIST_KEY_UISupportedInterfaceOrientations_iPad = "UIInterfaceOrientationPortrait UIInterfaceOrientationPortraitUpsideDown UIInterfaceOrientationLandscapeLeft UIInterfaceOrientationLandscapeRight";
				INFOPLIST_KEY_UISupportedInterfaceOrientations_iPhone = "UIInterfaceOrientationPortrait UIInterfaceOrientationLandscapeLeft UIInterfaceOrientationLandscapeRight";
				IPHONEOS_DEPLOYMENT_TARGET = 14.0;
				LD_RUNPATH_SEARCH_PATHS = (
					"$(inherited)",
					"@executable_path/Frameworks",
				);
				MARKETING_VERSION = 1.0;
				PRODUCT_BUNDLE_IDENTIFIER = com.resonance.jlee.ToBeCited;
				PRODUCT_NAME = "$(TARGET_NAME)";
				SUPPORTS_MACCATALYST = YES;
				SWIFT_EMIT_LOC_STRINGS = YES;
				SWIFT_VERSION = 5.0;
				TARGETED_DEVICE_FAMILY = "1,2";
			};
			name = Debug;
		};
		90EDF348271C85BF0097F0E0 /* Release */ = {
			isa = XCBuildConfiguration;
			buildSettings = {
				ASSETCATALOG_COMPILER_APPICON_NAME = AppIcon;
				ASSETCATALOG_COMPILER_GLOBAL_ACCENT_COLOR_NAME = AccentColor;
				CODE_SIGN_ENTITLEMENTS = ToBeCited/ToBeCited.entitlements;
				CODE_SIGN_STYLE = Automatic;
				CURRENT_PROJECT_VERSION = 1;
				DEVELOPMENT_ASSET_PATHS = "\"ToBeCited/Preview Content\"";
				DEVELOPMENT_TEAM = U8VSJXRJTQ;
				ENABLE_PREVIEWS = YES;
				GENERATE_INFOPLIST_FILE = YES;
				INFOPLIST_KEY_UIApplicationSceneManifest_Generation = YES;
				INFOPLIST_KEY_UIApplicationSupportsIndirectInputEvents = YES;
				INFOPLIST_KEY_UILaunchScreen_Generation = YES;
				INFOPLIST_KEY_UISupportedInterfaceOrientations_iPad = "UIInterfaceOrientationPortrait UIInterfaceOrientationPortraitUpsideDown UIInterfaceOrientationLandscapeLeft UIInterfaceOrientationLandscapeRight";
				INFOPLIST_KEY_UISupportedInterfaceOrientations_iPhone = "UIInterfaceOrientationPortrait UIInterfaceOrientationLandscapeLeft UIInterfaceOrientationLandscapeRight";
				IPHONEOS_DEPLOYMENT_TARGET = 14.0;
				LD_RUNPATH_SEARCH_PATHS = (
					"$(inherited)",
					"@executable_path/Frameworks",
				);
				MARKETING_VERSION = 1.0;
				PRODUCT_BUNDLE_IDENTIFIER = com.resonance.jlee.ToBeCited;
				PRODUCT_NAME = "$(TARGET_NAME)";
				SUPPORTS_MACCATALYST = YES;
				SWIFT_EMIT_LOC_STRINGS = YES;
				SWIFT_VERSION = 5.0;
				TARGETED_DEVICE_FAMILY = "1,2";
			};
			name = Release;
		};
		90EDF34A271C85BF0097F0E0 /* Debug */ = {
			isa = XCBuildConfiguration;
			buildSettings = {
				ALWAYS_EMBED_SWIFT_STANDARD_LIBRARIES = YES;
				BUNDLE_LOADER = "$(TEST_HOST)";
				CODE_SIGN_STYLE = Automatic;
				CURRENT_PROJECT_VERSION = 1;
				DEVELOPMENT_TEAM = U8VSJXRJTQ;
				GENERATE_INFOPLIST_FILE = YES;
				IPHONEOS_DEPLOYMENT_TARGET = 14.0;
				LD_RUNPATH_SEARCH_PATHS = (
					"$(inherited)",
					"@executable_path/Frameworks",
					"@loader_path/Frameworks",
				);
				MARKETING_VERSION = 1.0;
				PRODUCT_BUNDLE_IDENTIFIER = com.resonance.jlee.ToBeCitedTests;
				PRODUCT_NAME = "$(TARGET_NAME)";
				SWIFT_EMIT_LOC_STRINGS = NO;
				SWIFT_VERSION = 5.0;
				TARGETED_DEVICE_FAMILY = "1,2";
				TEST_HOST = "$(BUILT_PRODUCTS_DIR)/ToBeCited.app/ToBeCited";
			};
			name = Debug;
		};
		90EDF34B271C85BF0097F0E0 /* Release */ = {
			isa = XCBuildConfiguration;
			buildSettings = {
				ALWAYS_EMBED_SWIFT_STANDARD_LIBRARIES = YES;
				BUNDLE_LOADER = "$(TEST_HOST)";
				CODE_SIGN_STYLE = Automatic;
				CURRENT_PROJECT_VERSION = 1;
				DEVELOPMENT_TEAM = U8VSJXRJTQ;
				GENERATE_INFOPLIST_FILE = YES;
				IPHONEOS_DEPLOYMENT_TARGET = 14.0;
				LD_RUNPATH_SEARCH_PATHS = (
					"$(inherited)",
					"@executable_path/Frameworks",
					"@loader_path/Frameworks",
				);
				MARKETING_VERSION = 1.0;
				PRODUCT_BUNDLE_IDENTIFIER = com.resonance.jlee.ToBeCitedTests;
				PRODUCT_NAME = "$(TARGET_NAME)";
				SWIFT_EMIT_LOC_STRINGS = NO;
				SWIFT_VERSION = 5.0;
				TARGETED_DEVICE_FAMILY = "1,2";
				TEST_HOST = "$(BUILT_PRODUCTS_DIR)/ToBeCited.app/ToBeCited";
			};
			name = Release;
		};
		90EDF34D271C85BF0097F0E0 /* Debug */ = {
			isa = XCBuildConfiguration;
			buildSettings = {
				ALWAYS_EMBED_SWIFT_STANDARD_LIBRARIES = YES;
				CODE_SIGN_STYLE = Automatic;
				CURRENT_PROJECT_VERSION = 1;
				DEVELOPMENT_TEAM = U8VSJXRJTQ;
				GENERATE_INFOPLIST_FILE = YES;
				LD_RUNPATH_SEARCH_PATHS = (
					"$(inherited)",
					"@executable_path/Frameworks",
					"@loader_path/Frameworks",
				);
				MARKETING_VERSION = 1.0;
				PRODUCT_BUNDLE_IDENTIFIER = com.resonance.jlee.ToBeCitedUITests;
				PRODUCT_NAME = "$(TARGET_NAME)";
				SWIFT_EMIT_LOC_STRINGS = NO;
				SWIFT_VERSION = 5.0;
				TARGETED_DEVICE_FAMILY = "1,2";
				TEST_TARGET_NAME = ToBeCited;
			};
			name = Debug;
		};
		90EDF34E271C85BF0097F0E0 /* Release */ = {
			isa = XCBuildConfiguration;
			buildSettings = {
				ALWAYS_EMBED_SWIFT_STANDARD_LIBRARIES = YES;
				CODE_SIGN_STYLE = Automatic;
				CURRENT_PROJECT_VERSION = 1;
				DEVELOPMENT_TEAM = U8VSJXRJTQ;
				GENERATE_INFOPLIST_FILE = YES;
				LD_RUNPATH_SEARCH_PATHS = (
					"$(inherited)",
					"@executable_path/Frameworks",
					"@loader_path/Frameworks",
				);
				MARKETING_VERSION = 1.0;
				PRODUCT_BUNDLE_IDENTIFIER = com.resonance.jlee.ToBeCitedUITests;
				PRODUCT_NAME = "$(TARGET_NAME)";
				SWIFT_EMIT_LOC_STRINGS = NO;
				SWIFT_VERSION = 5.0;
				TARGETED_DEVICE_FAMILY = "1,2";
				TEST_TARGET_NAME = ToBeCited;
			};
			name = Release;
		};
/* End XCBuildConfiguration section */

/* Begin XCConfigurationList section */
		90EDF318271C85BD0097F0E0 /* Build configuration list for PBXProject "ToBeCited" */ = {
			isa = XCConfigurationList;
			buildConfigurations = (
				90EDF344271C85BF0097F0E0 /* Debug */,
				90EDF345271C85BF0097F0E0 /* Release */,
			);
			defaultConfigurationIsVisible = 0;
			defaultConfigurationName = Release;
		};
		90EDF346271C85BF0097F0E0 /* Build configuration list for PBXNativeTarget "ToBeCited" */ = {
			isa = XCConfigurationList;
			buildConfigurations = (
				90EDF347271C85BF0097F0E0 /* Debug */,
				90EDF348271C85BF0097F0E0 /* Release */,
			);
			defaultConfigurationIsVisible = 0;
			defaultConfigurationName = Release;
		};
		90EDF349271C85BF0097F0E0 /* Build configuration list for PBXNativeTarget "ToBeCitedTests" */ = {
			isa = XCConfigurationList;
			buildConfigurations = (
				90EDF34A271C85BF0097F0E0 /* Debug */,
				90EDF34B271C85BF0097F0E0 /* Release */,
			);
			defaultConfigurationIsVisible = 0;
			defaultConfigurationName = Release;
		};
		90EDF34C271C85BF0097F0E0 /* Build configuration list for PBXNativeTarget "ToBeCitedUITests" */ = {
			isa = XCConfigurationList;
			buildConfigurations = (
				90EDF34D271C85BF0097F0E0 /* Debug */,
				90EDF34E271C85BF0097F0E0 /* Release */,
			);
			defaultConfigurationIsVisible = 0;
			defaultConfigurationName = Release;
		};
/* End XCConfigurationList section */

/* Begin XCVersionGroup section */
		90EDF32B271C85BF0097F0E0 /* ToBeCited.xcdatamodeld */ = {
			isa = XCVersionGroup;
			children = (
				90EDF32C271C85BF0097F0E0 /* ToBeCited.xcdatamodel */,
			);
			currentVersion = 90EDF32C271C85BF0097F0E0 /* ToBeCited.xcdatamodel */;
			path = ToBeCited.xcdatamodeld;
			sourceTree = "<group>";
			versionGroupType = wrapper.xcdatamodel;
		};
/* End XCVersionGroup section */
	};
	rootObject = 90EDF315271C85BD0097F0E0 /* Project object */;
}
